// !$*UTF8*$!
{
	archiveVersion = 1;
	classes = {
	};
	objectVersion = 46;
	objects = {

/* Begin PBXBuildFile section */
		161A796D170E1704006DC5C5 /* Reachability.m in Sources */ = {isa = PBXBuildFile; fileRef = 161A796C170E1704006DC5C5 /* Reachability.m */; settings = {COMPILER_FLAGS = "-fno-objc-arc"; }; };
		161A796F170E1ADA006DC5C5 /* SystemConfiguration.framework in Frameworks */ = {isa = PBXBuildFile; fileRef = 161A796E170E1ADA006DC5C5 /* SystemConfiguration.framework */; };
		161A7971170E2719006DC5C5 /* MessageUI.framework in Frameworks */ = {isa = PBXBuildFile; fileRef = 161A7970170E2719006DC5C5 /* MessageUI.framework */; };
		1640CC03170B719D00CC4570 /* TTHeaderImageView.m in Sources */ = {isa = PBXBuildFile; fileRef = 1640CC02170B719D00CC4570 /* TTHeaderImageView.m */; };
		1640CC05170B754500CC4570 /* Archer-Semibold.otf in Resources */ = {isa = PBXBuildFile; fileRef = 1640CC04170B754500CC4570 /* Archer-Semibold.otf */; };
		164F3018171DE75200B7B613 /* TTSettingsViewController.m in Sources */ = {isa = PBXBuildFile; fileRef = 164F3016171DE75200B7B613 /* TTSettingsViewController.m */; };
		164F3019171DE75200B7B613 /* TTSettingsViewController.xib in Resources */ = {isa = PBXBuildFile; fileRef = 164F3017171DE75200B7B613 /* TTSettingsViewController.xib */; };
		164F3024171DFD0300B7B613 /* libGoogleAnalytics.a in Frameworks */ = {isa = PBXBuildFile; fileRef = 164F3022171DFD0300B7B613 /* libGoogleAnalytics.a */; };
		164F3027171DFD5900B7B613 /* CoreData.framework in Frameworks */ = {isa = PBXBuildFile; fileRef = 164F3026171DFD5900B7B613 /* CoreData.framework */; };
		1672BFC71714B77500C570AE /* barbg.png in Resources */ = {isa = PBXBuildFile; fileRef = 1672BFC41714B77500C570AE /* barbg.png */; };
		1672BFC91714B7EF00C570AE /* texture.png in Resources */ = {isa = PBXBuildFile; fileRef = 1672BFC81714B7EF00C570AE /* texture.png */; };
		1672BFCE1714B99900C570AE /* header.png in Resources */ = {isa = PBXBuildFile; fileRef = 1672BFCB1714B99900C570AE /* header.png */; };
		1672BFCF1714B99900C570AE /* header@2x.png in Resources */ = {isa = PBXBuildFile; fileRef = 1672BFCD1714B99900C570AE /* header@2x.png */; };
		1672BFD21714BB1A00C570AE /* star-vuota.png in Resources */ = {isa = PBXBuildFile; fileRef = 1672BFD01714BB1A00C570AE /* star-vuota.png */; };
		1672BFD31714BB1A00C570AE /* star.png in Resources */ = {isa = PBXBuildFile; fileRef = 1672BFD11714BB1A00C570AE /* star.png */; };
		1672BFD61714BB1F00C570AE /* star-vuota@2x.png in Resources */ = {isa = PBXBuildFile; fileRef = 1672BFD41714BB1F00C570AE /* star-vuota@2x.png */; };
		1672BFD71714BB1F00C570AE /* star@2x.png in Resources */ = {isa = PBXBuildFile; fileRef = 1672BFD51714BB1F00C570AE /* star@2x.png */; };
		5258C2D817404EAF0037F807 /* pin@2x.png in Resources */ = {isa = PBXBuildFile; fileRef = 5258C2D717404EAF0037F807 /* pin@2x.png */; };
		528D70EA1740303700C88882 /* bg.png in Resources */ = {isa = PBXBuildFile; fileRef = 528D70E21740303700C88882 /* bg.png */; };
		528D70EB1740303700C88882 /* first.png in Resources */ = {isa = PBXBuildFile; fileRef = 528D70E31740303700C88882 /* first.png */; };
		528D70EC1740303700C88882 /* frecciaemondo.png in Resources */ = {isa = PBXBuildFile; fileRef = 528D70E41740303700C88882 /* frecciaemondo.png */; };
		528D70ED1740303700C88882 /* header.sopra.png in Resources */ = {isa = PBXBuildFile; fileRef = 528D70E51740303700C88882 /* header.sopra.png */; };
		528D70EE1740303700C88882 /* header.sotto.png in Resources */ = {isa = PBXBuildFile; fileRef = 528D70E61740303700C88882 /* header.sotto.png */; };
		528D70EF1740303700C88882 /* nuvole.png in Resources */ = {isa = PBXBuildFile; fileRef = 528D70E71740303700C88882 /* nuvole.png */; };
		528D70F01740303700C88882 /* pin.png in Resources */ = {isa = PBXBuildFile; fileRef = 528D70E81740303700C88882 /* pin.png */; };
		528D70F11740303700C88882 /* second.png in Resources */ = {isa = PBXBuildFile; fileRef = 528D70E91740303700C88882 /* second.png */; };
		528D70FA1740304000C88882 /* bg@2x.png in Resources */ = {isa = PBXBuildFile; fileRef = 528D70F21740304000C88882 /* bg@2x.png */; };
		528D70FB1740304000C88882 /* first@2x.png in Resources */ = {isa = PBXBuildFile; fileRef = 528D70F31740304000C88882 /* first@2x.png */; };
		528D70FC1740304000C88882 /* frecciaemondo@2x.png in Resources */ = {isa = PBXBuildFile; fileRef = 528D70F41740304000C88882 /* frecciaemondo@2x.png */; };
		528D70FD1740304000C88882 /* header.sopra@2x.png in Resources */ = {isa = PBXBuildFile; fileRef = 528D70F51740304000C88882 /* header.sopra@2x.png */; };
		528D70FE1740304000C88882 /* header.sotto@2x.png in Resources */ = {isa = PBXBuildFile; fileRef = 528D70F61740304000C88882 /* header.sotto@2x.png */; };
		528D70FF1740304000C88882 /* nuvole@2x.png in Resources */ = {isa = PBXBuildFile; fileRef = 528D70F71740304000C88882 /* nuvole@2x.png */; };
		528D71011740304000C88882 /* second@2x.png in Resources */ = {isa = PBXBuildFile; fileRef = 528D70F91740304000C88882 /* second@2x.png */; };
		528D710C1740304A00C88882 /* backBtn.png in Resources */ = {isa = PBXBuildFile; fileRef = 528D71021740304A00C88882 /* backBtn.png */; };
		528D710D1740304A00C88882 /* bottone.png in Resources */ = {isa = PBXBuildFile; fileRef = 528D71031740304A00C88882 /* bottone.png */; };
		528D710E1740304A00C88882 /* dot-not@2x.png in Resources */ = {isa = PBXBuildFile; fileRef = 528D71041740304A00C88882 /* dot-not@2x.png */; };
		528D710F1740304A00C88882 /* dot-sel@2x.png in Resources */ = {isa = PBXBuildFile; fileRef = 528D71051740304A00C88882 /* dot-sel@2x.png */; };
		528D71101740304A00C88882 /* fondo-tour@2x.png in Resources */ = {isa = PBXBuildFile; fileRef = 528D71061740304A00C88882 /* fondo-tour@2x.png */; };
		528D71111740304A00C88882 /* logot.png in Resources */ = {isa = PBXBuildFile; fileRef = 528D71071740304A00C88882 /* logot.png */; };
		528D71121740304A00C88882 /* ribbon.aperto.png in Resources */ = {isa = PBXBuildFile; fileRef = 528D71081740304A00C88882 /* ribbon.aperto.png */; };
		528D71131740304A00C88882 /* testo1@2x.png in Resources */ = {isa = PBXBuildFile; fileRef = 528D71091740304A00C88882 /* testo1@2x.png */; };
		528D71141740304A00C88882 /* testo2@2x.png in Resources */ = {isa = PBXBuildFile; fileRef = 528D710A1740304A00C88882 /* testo2@2x.png */; };
		528D71151740304A00C88882 /* testo3@2x.png in Resources */ = {isa = PBXBuildFile; fileRef = 528D710B1740304A00C88882 /* testo3@2x.png */; };
		52B73DD6172720620066869C /* CFNetwork.framework in Frameworks */ = {isa = PBXBuildFile; fileRef = 52B73DD5172720620066869C /* CFNetwork.framework */; };
		52B73DD8172720750066869C /* MobileCoreServices.framework in Frameworks */ = {isa = PBXBuildFile; fileRef = 52B73DD7172720750066869C /* MobileCoreServices.framework */; };
		52B73DDA1727208F0066869C /* Security.framework in Frameworks */ = {isa = PBXBuildFile; fileRef = 52B73DD91727208F0066869C /* Security.framework */; };
		52B73DDC1727209C0066869C /* libz.dylib in Frameworks */ = {isa = PBXBuildFile; fileRef = 52B73DDB1727209C0066869C /* libz.dylib */; };
		52B73DE0172720C90066869C /* CoreTelephony.framework in Frameworks */ = {isa = PBXBuildFile; fileRef = 52B73DDF172720C90066869C /* CoreTelephony.framework */; };
		52B73DE2172720FF0066869C /* AirshipConfig.plist in Resources */ = {isa = PBXBuildFile; fileRef = 52B73DE1172720FF0066869C /* AirshipConfig.plist */; };
		52B73DE7172724AA0066869C /* libUAirship-1.4.0.a in CopyFiles */ = {isa = PBXBuildFile; fileRef = 52B73DE6172724AA0066869C /* libUAirship-1.4.0.a */; };
		52B73DE8172724B80066869C /* libUAirship-1.4.0.a in Frameworks */ = {isa = PBXBuildFile; fileRef = 52B73DE6172724AA0066869C /* libUAirship-1.4.0.a */; };
		52B73EF2172724F70066869C /* libUAirship-1.4.0.a in Frameworks */ = {isa = PBXBuildFile; fileRef = 52B73E49172724F70066869C /* libUAirship-1.4.0.a */; };
		52C40254173FAC0D00FDCE77 /* card.png in Resources */ = {isa = PBXBuildFile; fileRef = 52C40253173FAC0D00FDCE77 /* card.png */; };
		52C40256173FAC1500FDCE77 /* cardON.png in Resources */ = {isa = PBXBuildFile; fileRef = 52C40255173FAC1500FDCE77 /* cardON.png */; };
		52C40259173FAC2800FDCE77 /* card@2x.png in Resources */ = {isa = PBXBuildFile; fileRef = 52C40257173FAC2800FDCE77 /* card@2x.png */; };
		52C4025A173FAC2800FDCE77 /* cardON@2x.png in Resources */ = {isa = PBXBuildFile; fileRef = 52C40258173FAC2800FDCE77 /* cardON@2x.png */; };
		52C40261173FAC9D00FDCE77 /* mappa.png in Resources */ = {isa = PBXBuildFile; fileRef = 52C4025B173FAC9C00FDCE77 /* mappa.png */; };
		52C40262173FAC9D00FDCE77 /* mappaON.png in Resources */ = {isa = PBXBuildFile; fileRef = 52C4025C173FAC9C00FDCE77 /* mappaON.png */; };
		52C40263173FAC9D00FDCE77 /* news.png in Resources */ = {isa = PBXBuildFile; fileRef = 52C4025D173FAC9D00FDCE77 /* news.png */; };
		52C40264173FAC9D00FDCE77 /* newsON.png in Resources */ = {isa = PBXBuildFile; fileRef = 52C4025E173FAC9D00FDCE77 /* newsON.png */; };
		52C40265173FAC9D00FDCE77 /* opzioni.png in Resources */ = {isa = PBXBuildFile; fileRef = 52C4025F173FAC9D00FDCE77 /* opzioni.png */; };
		52C40266173FAC9D00FDCE77 /* opzioniON.png in Resources */ = {isa = PBXBuildFile; fileRef = 52C40260173FAC9D00FDCE77 /* opzioniON.png */; };
		52C4026D173FACA500FDCE77 /* mappa@2x.png in Resources */ = {isa = PBXBuildFile; fileRef = 52C40267173FACA500FDCE77 /* mappa@2x.png */; };
		52C4026E173FACA500FDCE77 /* mappaON@2x.png in Resources */ = {isa = PBXBuildFile; fileRef = 52C40268173FACA500FDCE77 /* mappaON@2x.png */; };
		52C4026F173FACA500FDCE77 /* news@2x.png in Resources */ = {isa = PBXBuildFile; fileRef = 52C40269173FACA500FDCE77 /* news@2x.png */; };
		52C40270173FACA500FDCE77 /* newsON@2x.png in Resources */ = {isa = PBXBuildFile; fileRef = 52C4026A173FACA500FDCE77 /* newsON@2x.png */; };
		52C40271173FACA500FDCE77 /* opzioni@2x.png in Resources */ = {isa = PBXBuildFile; fileRef = 52C4026B173FACA500FDCE77 /* opzioni@2x.png */; };
		52C40272173FACA500FDCE77 /* opzioniON@2x.png in Resources */ = {isa = PBXBuildFile; fileRef = 52C4026C173FACA500FDCE77 /* opzioniON@2x.png */; };
		52C40274173FAF1A00FDCE77 /* bg-hover@2x.png in Resources */ = {isa = PBXBuildFile; fileRef = 52C40273173FAF1A00FDCE77 /* bg-hover@2x.png */; };
		52C40276173FAF2000FDCE77 /* bg-hover.png in Resources */ = {isa = PBXBuildFile; fileRef = 52C40275173FAF2000FDCE77 /* bg-hover.png */; };
		5A1E7E281706004600B7C116 /* CoreGraphics.framework in Frameworks */ = {isa = PBXBuildFile; fileRef = 614AEE6F1704DCD20039D0DF /* CoreGraphics.framework */; };
		5A1E7E291706005400B7C116 /* Foundation.framework in Frameworks */ = {isa = PBXBuildFile; fileRef = 614AEE6D1704DCD20039D0DF /* Foundation.framework */; };
		5A1E7E2A1706005C00B7C116 /* UIKit.framework in Frameworks */ = {isa = PBXBuildFile; fileRef = 614AEE6B1704DCD20039D0DF /* UIKit.framework */; };
		5ACD70EE170D5C06000F12E9 /* icona.fw.png in Resources */ = {isa = PBXBuildFile; fileRef = 5ACD70ED170D5C06000F12E9 /* icona.fw.png */; };
		5ACD70F0170D5C15000F12E9 /* icona.small.fw.png in Resources */ = {isa = PBXBuildFile; fileRef = 5ACD70EF170D5C15000F12E9 /* icona.small.fw.png */; };
		611EE16C1739A8B000DF8BA5 /* QuartzCore.framework in Frameworks */ = {isa = PBXBuildFile; fileRef = 611EE16B1739A8B000DF8BA5 /* QuartzCore.framework */; };
		61347B8B1704DEF40080D842 /* Accounts.framework in Frameworks */ = {isa = PBXBuildFile; fileRef = 61347B8A1704DEF40080D842 /* Accounts.framework */; settings = {ATTRIBUTES = (Weak, ); }; };
		61347B8D1704DEF90080D842 /* AdSupport.framework in Frameworks */ = {isa = PBXBuildFile; fileRef = 61347B8C1704DEF90080D842 /* AdSupport.framework */; settings = {ATTRIBUTES = (Weak, ); }; };
		61347B981704DF830080D842 /* FacebookSDK.framework in Frameworks */ = {isa = PBXBuildFile; fileRef = 61347B971704DF830080D842 /* FacebookSDK.framework */; };
		61347B9A1704DF8F0080D842 /* FacebookSDKResources.bundle in Resources */ = {isa = PBXBuildFile; fileRef = 61347B991704DF8F0080D842 /* FacebookSDKResources.bundle */; };
		614AEE761704DCD20039D0DF /* InfoPlist.strings in Resources */ = {isa = PBXBuildFile; fileRef = 614AEE741704DCD20039D0DF /* InfoPlist.strings */; };
		614AEE781704DCD20039D0DF /* main.m in Sources */ = {isa = PBXBuildFile; fileRef = 614AEE771704DCD20039D0DF /* main.m */; };
		614AEE7C1704DCD20039D0DF /* AppDelegate.m in Sources */ = {isa = PBXBuildFile; fileRef = 614AEE7B1704DCD20039D0DF /* AppDelegate.m */; };
		614AEE7E1704DCD20039D0DF /* Default.png in Resources */ = {isa = PBXBuildFile; fileRef = 614AEE7D1704DCD20039D0DF /* Default.png */; };
		614AEE801704DCD20039D0DF /* Default@2x.png in Resources */ = {isa = PBXBuildFile; fileRef = 614AEE7F1704DCD20039D0DF /* Default@2x.png */; };
		614AEE821704DCD20039D0DF /* Default-568h@2x.png in Resources */ = {isa = PBXBuildFile; fileRef = 614AEE811704DCD20039D0DF /* Default-568h@2x.png */; };
		614D527D17209F7D0062AFE1 /* login-button-small.png in Resources */ = {isa = PBXBuildFile; fileRef = 614D527C17209F7D0062AFE1 /* login-button-small.png */; };
		614D527F17209F840062AFE1 /* login-button-small@2x.png in Resources */ = {isa = PBXBuildFile; fileRef = 614D527E17209F840062AFE1 /* login-button-small@2x.png */; };
		6170D1A217273EDB00EDBEB3 /* TourTesseraViewController.m in Sources */ = {isa = PBXBuildFile; fileRef = 6170D1A017273EDB00EDBEB3 /* TourTesseraViewController.m */; };
		6170D1A317273EDB00EDBEB3 /* TourTesseraViewController.xib in Resources */ = {isa = PBXBuildFile; fileRef = 6170D1A117273EDB00EDBEB3 /* TourTesseraViewController.xib */; };
		61A04581173FF0A70009A383 /* MCPagerView.m in Sources */ = {isa = PBXBuildFile; fileRef = 61A04580173FF0A70009A383 /* MCPagerView.m */; };
		61A859551704E281003CD439 /* TTMapViewController.m in Sources */ = {isa = PBXBuildFile; fileRef = 61A859531704E281003CD439 /* TTMapViewController.m */; };
		61A859561704E281003CD439 /* TTMapViewController.xib in Resources */ = {isa = PBXBuildFile; fileRef = 61A859541704E281003CD439 /* TTMapViewController.xib */; };
		61A8595A1704E2EC003CD439 /* TTCardViewController.m in Sources */ = {isa = PBXBuildFile; fileRef = 61A859581704E2EC003CD439 /* TTCardViewController.m */; };
		61A8595B1704E2EC003CD439 /* TTCardViewController.xib in Resources */ = {isa = PBXBuildFile; fileRef = 61A859591704E2EC003CD439 /* TTCardViewController.xib */; };
		61A8595D1704E368003CD439 /* Social.framework in Frameworks */ = {isa = PBXBuildFile; fileRef = 61A8595C1704E368003CD439 /* Social.framework */; };
		61A859611704E42B003CD439 /* TTFeedViewController.m in Sources */ = {isa = PBXBuildFile; fileRef = 61A8595F1704E42B003CD439 /* TTFeedViewController.m */; };
		61A859621704E42B003CD439 /* TTFeedViewController.xib in Resources */ = {isa = PBXBuildFile; fileRef = 61A859601704E42B003CD439 /* TTFeedViewController.xib */; };
		61A859661704E54A003CD439 /* TTFacebookManager.m in Sources */ = {isa = PBXBuildFile; fileRef = 61A859651704E54A003CD439 /* TTFacebookManager.m */; };
		61A859691704F824003CD439 /* TTFacebookUser.m in Sources */ = {isa = PBXBuildFile; fileRef = 61A859681704F824003CD439 /* TTFacebookUser.m */; };
		61A8596B170506C3003CD439 /* MapKit.framework in Frameworks */ = {isa = PBXBuildFile; fileRef = 61A8596A170506C3003CD439 /* MapKit.framework */; };
		61A8596D170506CA003CD439 /* CoreLocation.framework in Frameworks */ = {isa = PBXBuildFile; fileRef = 61A8596C170506CA003CD439 /* CoreLocation.framework */; };
		61A859781705077E003CD439 /* PinAnnotation.m in Sources */ = {isa = PBXBuildFile; fileRef = 61A859701705077E003CD439 /* PinAnnotation.m */; };
		61A859791705077E003CD439 /* TTFoursquareManager.m in Sources */ = {isa = PBXBuildFile; fileRef = 61A859721705077E003CD439 /* TTFoursquareManager.m */; };
		61A8597A1705077E003CD439 /* TTMapManager.m in Sources */ = {isa = PBXBuildFile; fileRef = 61A859741705077E003CD439 /* TTMapManager.m */; };
		61A8597B1705077E003CD439 /* TTShopDetailViewController.m in Sources */ = {isa = PBXBuildFile; fileRef = 61A859761705077E003CD439 /* TTShopDetailViewController.m */; };
		61A8597C1705077E003CD439 /* TTShopDetailViewController.xib in Resources */ = {isa = PBXBuildFile; fileRef = 61A859771705077E003CD439 /* TTShopDetailViewController.xib */; };
/* End PBXBuildFile section */

/* Begin PBXCopyFilesBuildPhase section */
		52B73DD1172720330066869C /* CopyFiles */ = {
			isa = PBXCopyFilesBuildPhase;
			buildActionMask = 2147483647;
			dstPath = "";
			dstSubfolderSpec = 10;
			files = (
				52B73DE7172724AA0066869C /* libUAirship-1.4.0.a in CopyFiles */,
			);
			runOnlyForDeploymentPostprocessing = 0;
		};
/* End PBXCopyFilesBuildPhase section */

/* Begin PBXFileReference section */
		161A796B170E1704006DC5C5 /* Reachability.h */ = {isa = PBXFileReference; fileEncoding = 4; lastKnownFileType = sourcecode.c.h; path = Reachability.h; sourceTree = "<group>"; };
		161A796C170E1704006DC5C5 /* Reachability.m */ = {isa = PBXFileReference; fileEncoding = 4; lastKnownFileType = sourcecode.c.objc; path = Reachability.m; sourceTree = "<group>"; };
		161A796E170E1ADA006DC5C5 /* SystemConfiguration.framework */ = {isa = PBXFileReference; lastKnownFileType = wrapper.framework; name = SystemConfiguration.framework; path = System/Library/Frameworks/SystemConfiguration.framework; sourceTree = SDKROOT; };
		161A7970170E2719006DC5C5 /* MessageUI.framework */ = {isa = PBXFileReference; lastKnownFileType = wrapper.framework; name = MessageUI.framework; path = System/Library/Frameworks/MessageUI.framework; sourceTree = SDKROOT; };
		1640CC01170B719D00CC4570 /* TTHeaderImageView.h */ = {isa = PBXFileReference; fileEncoding = 4; lastKnownFileType = sourcecode.c.h; path = TTHeaderImageView.h; sourceTree = "<group>"; };
		1640CC02170B719D00CC4570 /* TTHeaderImageView.m */ = {isa = PBXFileReference; fileEncoding = 4; lastKnownFileType = sourcecode.c.objc; path = TTHeaderImageView.m; sourceTree = "<group>"; };
		1640CC04170B754500CC4570 /* Archer-Semibold.otf */ = {isa = PBXFileReference; lastKnownFileType = file; path = "Archer-Semibold.otf"; sourceTree = "<group>"; };
		164F3015171DE75200B7B613 /* TTSettingsViewController.h */ = {isa = PBXFileReference; fileEncoding = 4; lastKnownFileType = sourcecode.c.h; path = TTSettingsViewController.h; sourceTree = "<group>"; };
		164F3016171DE75200B7B613 /* TTSettingsViewController.m */ = {isa = PBXFileReference; fileEncoding = 4; lastKnownFileType = sourcecode.c.objc; path = TTSettingsViewController.m; sourceTree = "<group>"; };
		164F3017171DE75200B7B613 /* TTSettingsViewController.xib */ = {isa = PBXFileReference; fileEncoding = 4; lastKnownFileType = file.xib; path = TTSettingsViewController.xib; sourceTree = "<group>"; };
		164F301D171DFD0300B7B613 /* GAI.h */ = {isa = PBXFileReference; fileEncoding = 4; lastKnownFileType = sourcecode.c.h; path = GAI.h; sourceTree = "<group>"; };
		164F301E171DFD0300B7B613 /* GAITrackedViewController.h */ = {isa = PBXFileReference; fileEncoding = 4; lastKnownFileType = sourcecode.c.h; path = GAITrackedViewController.h; sourceTree = "<group>"; };
		164F301F171DFD0300B7B613 /* GAITracker.h */ = {isa = PBXFileReference; fileEncoding = 4; lastKnownFileType = sourcecode.c.h; path = GAITracker.h; sourceTree = "<group>"; };
		164F3020171DFD0300B7B613 /* GAITransaction.h */ = {isa = PBXFileReference; fileEncoding = 4; lastKnownFileType = sourcecode.c.h; path = GAITransaction.h; sourceTree = "<group>"; };
		164F3021171DFD0300B7B613 /* GAITransactionItem.h */ = {isa = PBXFileReference; fileEncoding = 4; lastKnownFileType = sourcecode.c.h; path = GAITransactionItem.h; sourceTree = "<group>"; };
		164F3022171DFD0300B7B613 /* libGoogleAnalytics.a */ = {isa = PBXFileReference; lastKnownFileType = archive.ar; path = libGoogleAnalytics.a; sourceTree = "<group>"; };
		164F3026171DFD5900B7B613 /* CoreData.framework */ = {isa = PBXFileReference; lastKnownFileType = wrapper.framework; name = CoreData.framework; path = System/Library/Frameworks/CoreData.framework; sourceTree = SDKROOT; };
		165CBF7F170CC56C003B25AC /* TTConfigDefines.h */ = {isa = PBXFileReference; fileEncoding = 4; lastKnownFileType = sourcecode.c.h; path = TTConfigDefines.h; sourceTree = "<group>"; };
		1672BFC41714B77500C570AE /* barbg.png */ = {isa = PBXFileReference; lastKnownFileType = image.png; path = barbg.png; sourceTree = "<group>"; };
		1672BFC81714B7EF00C570AE /* texture.png */ = {isa = PBXFileReference; lastKnownFileType = image.png; path = texture.png; sourceTree = "<group>"; };
		1672BFCB1714B99900C570AE /* header.png */ = {isa = PBXFileReference; lastKnownFileType = image.png; path = header.png; sourceTree = "<group>"; };
		1672BFCD1714B99900C570AE /* header@2x.png */ = {isa = PBXFileReference; lastKnownFileType = image.png; path = "header@2x.png"; sourceTree = "<group>"; };
		1672BFD01714BB1A00C570AE /* star-vuota.png */ = {isa = PBXFileReference; lastKnownFileType = image.png; path = "star-vuota.png"; sourceTree = "<group>"; };
		1672BFD11714BB1A00C570AE /* star.png */ = {isa = PBXFileReference; lastKnownFileType = image.png; path = star.png; sourceTree = "<group>"; };
		1672BFD41714BB1F00C570AE /* star-vuota@2x.png */ = {isa = PBXFileReference; lastKnownFileType = image.png; path = "star-vuota@2x.png"; sourceTree = "<group>"; };
		1672BFD51714BB1F00C570AE /* star@2x.png */ = {isa = PBXFileReference; lastKnownFileType = image.png; path = "star@2x.png"; sourceTree = "<group>"; };
		5258C2D717404EAF0037F807 /* pin@2x.png */ = {isa = PBXFileReference; lastKnownFileType = image.png; path = "pin@2x.png"; sourceTree = "<group>"; };
		528D70E21740303700C88882 /* bg.png */ = {isa = PBXFileReference; lastKnownFileType = image.png; path = bg.png; sourceTree = "<group>"; };
		528D70E31740303700C88882 /* first.png */ = {isa = PBXFileReference; lastKnownFileType = image.png; path = first.png; sourceTree = "<group>"; };
		528D70E41740303700C88882 /* frecciaemondo.png */ = {isa = PBXFileReference; lastKnownFileType = image.png; path = frecciaemondo.png; sourceTree = "<group>"; };
		528D70E51740303700C88882 /* header.sopra.png */ = {isa = PBXFileReference; lastKnownFileType = image.png; path = header.sopra.png; sourceTree = "<group>"; };
		528D70E61740303700C88882 /* header.sotto.png */ = {isa = PBXFileReference; lastKnownFileType = image.png; path = header.sotto.png; sourceTree = "<group>"; };
		528D70E71740303700C88882 /* nuvole.png */ = {isa = PBXFileReference; lastKnownFileType = image.png; path = nuvole.png; sourceTree = "<group>"; };
		528D70E81740303700C88882 /* pin.png */ = {isa = PBXFileReference; lastKnownFileType = image.png; path = pin.png; sourceTree = "<group>"; };
		528D70E91740303700C88882 /* second.png */ = {isa = PBXFileReference; lastKnownFileType = image.png; path = second.png; sourceTree = "<group>"; };
		528D70F21740304000C88882 /* bg@2x.png */ = {isa = PBXFileReference; lastKnownFileType = image.png; path = "bg@2x.png"; sourceTree = "<group>"; };
		528D70F31740304000C88882 /* first@2x.png */ = {isa = PBXFileReference; lastKnownFileType = image.png; path = "first@2x.png"; sourceTree = "<group>"; };
		528D70F41740304000C88882 /* frecciaemondo@2x.png */ = {isa = PBXFileReference; lastKnownFileType = image.png; path = "frecciaemondo@2x.png"; sourceTree = "<group>"; };
		528D70F51740304000C88882 /* header.sopra@2x.png */ = {isa = PBXFileReference; lastKnownFileType = image.png; path = "header.sopra@2x.png"; sourceTree = "<group>"; };
		528D70F61740304000C88882 /* header.sotto@2x.png */ = {isa = PBXFileReference; lastKnownFileType = image.png; path = "header.sotto@2x.png"; sourceTree = "<group>"; };
		528D70F71740304000C88882 /* nuvole@2x.png */ = {isa = PBXFileReference; lastKnownFileType = image.png; path = "nuvole@2x.png"; sourceTree = "<group>"; };
		528D70F91740304000C88882 /* second@2x.png */ = {isa = PBXFileReference; lastKnownFileType = image.png; path = "second@2x.png"; sourceTree = "<group>"; };
		528D71021740304A00C88882 /* backBtn.png */ = {isa = PBXFileReference; lastKnownFileType = image.png; path = backBtn.png; sourceTree = "<group>"; };
		528D71031740304A00C88882 /* bottone.png */ = {isa = PBXFileReference; lastKnownFileType = image.png; path = bottone.png; sourceTree = "<group>"; };
		528D71041740304A00C88882 /* dot-not@2x.png */ = {isa = PBXFileReference; lastKnownFileType = image.png; path = "dot-not@2x.png"; sourceTree = "<group>"; };
		528D71051740304A00C88882 /* dot-sel@2x.png */ = {isa = PBXFileReference; lastKnownFileType = image.png; path = "dot-sel@2x.png"; sourceTree = "<group>"; };
		528D71061740304A00C88882 /* fondo-tour@2x.png */ = {isa = PBXFileReference; lastKnownFileType = image.png; path = "fondo-tour@2x.png"; sourceTree = "<group>"; };
		528D71071740304A00C88882 /* logot.png */ = {isa = PBXFileReference; lastKnownFileType = image.png; path = logot.png; sourceTree = "<group>"; };
		528D71081740304A00C88882 /* ribbon.aperto.png */ = {isa = PBXFileReference; lastKnownFileType = image.png; path = ribbon.aperto.png; sourceTree = "<group>"; };
		528D71091740304A00C88882 /* testo1@2x.png */ = {isa = PBXFileReference; lastKnownFileType = image.png; path = "testo1@2x.png"; sourceTree = "<group>"; };
		528D710A1740304A00C88882 /* testo2@2x.png */ = {isa = PBXFileReference; lastKnownFileType = image.png; path = "testo2@2x.png"; sourceTree = "<group>"; };
		528D710B1740304A00C88882 /* testo3@2x.png */ = {isa = PBXFileReference; lastKnownFileType = image.png; path = "testo3@2x.png"; sourceTree = "<group>"; };
		52B73DD017271F0E0066869C /* titto.entitlements */ = {isa = PBXFileReference; lastKnownFileType = text.xml; path = titto.entitlements; sourceTree = "<group>"; };
		52B73DD5172720620066869C /* CFNetwork.framework */ = {isa = PBXFileReference; lastKnownFileType = wrapper.framework; name = CFNetwork.framework; path = System/Library/Frameworks/CFNetwork.framework; sourceTree = SDKROOT; };
		52B73DD7172720750066869C /* MobileCoreServices.framework */ = {isa = PBXFileReference; lastKnownFileType = wrapper.framework; name = MobileCoreServices.framework; path = System/Library/Frameworks/MobileCoreServices.framework; sourceTree = SDKROOT; };
		52B73DD91727208F0066869C /* Security.framework */ = {isa = PBXFileReference; lastKnownFileType = wrapper.framework; name = Security.framework; path = System/Library/Frameworks/Security.framework; sourceTree = SDKROOT; };
		52B73DDB1727209C0066869C /* libz.dylib */ = {isa = PBXFileReference; lastKnownFileType = "compiled.mach-o.dylib"; name = libz.dylib; path = usr/lib/libz.dylib; sourceTree = SDKROOT; };
		52B73DDD172720AB0066869C /* libsqlite3.dylib */ = {isa = PBXFileReference; lastKnownFileType = "compiled.mach-o.dylib"; name = libsqlite3.dylib; path = usr/lib/libsqlite3.dylib; sourceTree = SDKROOT; };
		52B73DDF172720C90066869C /* CoreTelephony.framework */ = {isa = PBXFileReference; lastKnownFileType = wrapper.framework; name = CoreTelephony.framework; path = System/Library/Frameworks/CoreTelephony.framework; sourceTree = SDKROOT; };
		52B73DE1172720FF0066869C /* AirshipConfig.plist */ = {isa = PBXFileReference; fileEncoding = 4; lastKnownFileType = text.plist.xml; path = AirshipConfig.plist; sourceTree = SOURCE_ROOT; };
		52B73DE6172724AA0066869C /* libUAirship-1.4.0.a */ = {isa = PBXFileReference; lastKnownFileType = archive.ar; name = "libUAirship-1.4.0.a"; path = "Airship/libUAirship-1.4.0.a"; sourceTree = "<group>"; };
		52B73DEC172724F70066869C /* UAAnalytics.h */ = {isa = PBXFileReference; fileEncoding = 4; lastKnownFileType = sourcecode.c.h; path = UAAnalytics.h; sourceTree = "<group>"; };
		52B73DED172724F70066869C /* UAAnalyticsDBManager.h */ = {isa = PBXFileReference; fileEncoding = 4; lastKnownFileType = sourcecode.c.h; path = UAAnalyticsDBManager.h; sourceTree = "<group>"; };
		52B73DEE172724F70066869C /* UAAsycImageView.h */ = {isa = PBXFileReference; fileEncoding = 4; lastKnownFileType = sourcecode.c.h; path = UAAsycImageView.h; sourceTree = "<group>"; };
		52B73DEF172724F70066869C /* UABarButtonSegmentedControl.h */ = {isa = PBXFileReference; fileEncoding = 4; lastKnownFileType = sourcecode.c.h; path = UABarButtonSegmentedControl.h; sourceTree = "<group>"; };
		52B73DF0172724F70066869C /* UABaseLocationProvider.h */ = {isa = PBXFileReference; fileEncoding = 4; lastKnownFileType = sourcecode.c.h; path = UABaseLocationProvider.h; sourceTree = "<group>"; };
		52B73DF1172724F70066869C /* UAContentURLCache.h */ = {isa = PBXFileReference; fileEncoding = 4; lastKnownFileType = sourcecode.c.h; path = UAContentURLCache.h; sourceTree = "<group>"; };
		52B73DF2172724F70066869C /* UADateUtils.h */ = {isa = PBXFileReference; fileEncoding = 4; lastKnownFileType = sourcecode.c.h; path = UADateUtils.h; sourceTree = "<group>"; };
		52B73DF3172724F70066869C /* UADownloadContent.h */ = {isa = PBXFileReference; fileEncoding = 4; lastKnownFileType = sourcecode.c.h; path = UADownloadContent.h; sourceTree = "<group>"; };
		52B73DF4172724F70066869C /* UADownloadManager.h */ = {isa = PBXFileReference; fileEncoding = 4; lastKnownFileType = sourcecode.c.h; path = UADownloadManager.h; sourceTree = "<group>"; };
		52B73DF5172724F70066869C /* UAEvent.h */ = {isa = PBXFileReference; fileEncoding = 4; lastKnownFileType = sourcecode.c.h; path = UAEvent.h; sourceTree = "<group>"; };
		52B73DF6172724F70066869C /* UAGlobal.h */ = {isa = PBXFileReference; fileEncoding = 4; lastKnownFileType = sourcecode.c.h; path = UAGlobal.h; sourceTree = "<group>"; };
		52B73DF7172724F70066869C /* UAHTTPConnection.h */ = {isa = PBXFileReference; fileEncoding = 4; lastKnownFileType = sourcecode.c.h; path = UAHTTPConnection.h; sourceTree = "<group>"; };
		52B73DF8172724F70066869C /* UAKeychainUtils.h */ = {isa = PBXFileReference; fileEncoding = 4; lastKnownFileType = sourcecode.c.h; path = UAKeychainUtils.h; sourceTree = "<group>"; };
		52B73DF9172724F70066869C /* UALocalStorageDirectory.h */ = {isa = PBXFileReference; fileEncoding = 4; lastKnownFileType = sourcecode.c.h; path = UALocalStorageDirectory.h; sourceTree = "<group>"; };
		52B73DFA172724F70066869C /* UALocationCommonValues.h */ = {isa = PBXFileReference; fileEncoding = 4; lastKnownFileType = sourcecode.c.h; path = UALocationCommonValues.h; sourceTree = "<group>"; };
		52B73DFB172724F70066869C /* UALocationEvent.h */ = {isa = PBXFileReference; fileEncoding = 4; lastKnownFileType = sourcecode.c.h; path = UALocationEvent.h; sourceTree = "<group>"; };
		52B73DFC172724F70066869C /* UALocationProviderDelegate.h */ = {isa = PBXFileReference; fileEncoding = 4; lastKnownFileType = sourcecode.c.h; path = UALocationProviderDelegate.h; sourceTree = "<group>"; };
		52B73DFD172724F70066869C /* UALocationProviderProtocol.h */ = {isa = PBXFileReference; fileEncoding = 4; lastKnownFileType = sourcecode.c.h; path = UALocationProviderProtocol.h; sourceTree = "<group>"; };
		52B73DFE172724F70066869C /* UALocationService.h */ = {isa = PBXFileReference; fileEncoding = 4; lastKnownFileType = sourcecode.c.h; path = UALocationService.h; sourceTree = "<group>"; };
		52B73DFF172724F70066869C /* UAObservable.h */ = {isa = PBXFileReference; fileEncoding = 4; lastKnownFileType = sourcecode.c.h; path = UAObservable.h; sourceTree = "<group>"; };
		52B73E00172724F70066869C /* UASignificantChangeProvider.h */ = {isa = PBXFileReference; fileEncoding = 4; lastKnownFileType = sourcecode.c.h; path = UASignificantChangeProvider.h; sourceTree = "<group>"; };
		52B73E01172724F70066869C /* UASQLite.h */ = {isa = PBXFileReference; fileEncoding = 4; lastKnownFileType = sourcecode.c.h; path = UASQLite.h; sourceTree = "<group>"; };
		52B73E02172724F70066869C /* UAStandardLocationProvider.h */ = {isa = PBXFileReference; fileEncoding = 4; lastKnownFileType = sourcecode.c.h; path = UAStandardLocationProvider.h; sourceTree = "<group>"; };
		52B73E03172724F70066869C /* UATagUtils.h */ = {isa = PBXFileReference; fileEncoding = 4; lastKnownFileType = sourcecode.c.h; path = UATagUtils.h; sourceTree = "<group>"; };
		52B73E04172724F70066869C /* UAUser.h */ = {isa = PBXFileReference; fileEncoding = 4; lastKnownFileType = sourcecode.c.h; path = UAUser.h; sourceTree = "<group>"; };
		52B73E05172724F70066869C /* UAUtils.h */ = {isa = PBXFileReference; fileEncoding = 4; lastKnownFileType = sourcecode.c.h; path = UAUtils.h; sourceTree = "<group>"; };
		52B73E06172724F70066869C /* UAViewUtils.h */ = {isa = PBXFileReference; fileEncoding = 4; lastKnownFileType = sourcecode.c.h; path = UAViewUtils.h; sourceTree = "<group>"; };
		52B73E09172724F70066869C /* UA_ASIAuthenticationDialog.h */ = {isa = PBXFileReference; fileEncoding = 4; lastKnownFileType = sourcecode.c.h; path = UA_ASIAuthenticationDialog.h; sourceTree = "<group>"; };
		52B73E0A172724F70066869C /* UA_ASICacheDelegate.h */ = {isa = PBXFileReference; fileEncoding = 4; lastKnownFileType = sourcecode.c.h; path = UA_ASICacheDelegate.h; sourceTree = "<group>"; };
		52B73E0B172724F70066869C /* UA_ASIDataCompressor.h */ = {isa = PBXFileReference; fileEncoding = 4; lastKnownFileType = sourcecode.c.h; path = UA_ASIDataCompressor.h; sourceTree = "<group>"; };
		52B73E0C172724F70066869C /* UA_ASIDataDecompressor.h */ = {isa = PBXFileReference; fileEncoding = 4; lastKnownFileType = sourcecode.c.h; path = UA_ASIDataDecompressor.h; sourceTree = "<group>"; };
		52B73E0D172724F70066869C /* UA_ASIDownloadCache.h */ = {isa = PBXFileReference; fileEncoding = 4; lastKnownFileType = sourcecode.c.h; path = UA_ASIDownloadCache.h; sourceTree = "<group>"; };
		52B73E0E172724F70066869C /* UA_ASIFormDataRequest.h */ = {isa = PBXFileReference; fileEncoding = 4; lastKnownFileType = sourcecode.c.h; path = UA_ASIFormDataRequest.h; sourceTree = "<group>"; };
		52B73E0F172724F70066869C /* UA_ASIHTTPRequest.h */ = {isa = PBXFileReference; fileEncoding = 4; lastKnownFileType = sourcecode.c.h; path = UA_ASIHTTPRequest.h; sourceTree = "<group>"; };
		52B73E10172724F70066869C /* UA_ASIHTTPRequestConfig.h */ = {isa = PBXFileReference; fileEncoding = 4; lastKnownFileType = sourcecode.c.h; path = UA_ASIHTTPRequestConfig.h; sourceTree = "<group>"; };
		52B73E11172724F70066869C /* UA_ASIHTTPRequestDelegate.h */ = {isa = PBXFileReference; fileEncoding = 4; lastKnownFileType = sourcecode.c.h; path = UA_ASIHTTPRequestDelegate.h; sourceTree = "<group>"; };
		52B73E12172724F70066869C /* UA_ASIInputStream.h */ = {isa = PBXFileReference; fileEncoding = 4; lastKnownFileType = sourcecode.c.h; path = UA_ASIInputStream.h; sourceTree = "<group>"; };
		52B73E13172724F70066869C /* UA_ASINetworkQueue.h */ = {isa = PBXFileReference; fileEncoding = 4; lastKnownFileType = sourcecode.c.h; path = UA_ASINetworkQueue.h; sourceTree = "<group>"; };
		52B73E14172724F70066869C /* UA_ASIProgressDelegate.h */ = {isa = PBXFileReference; fileEncoding = 4; lastKnownFileType = sourcecode.c.h; path = UA_ASIProgressDelegate.h; sourceTree = "<group>"; };
		52B73E15172724F70066869C /* UA_Base64.h */ = {isa = PBXFileReference; fileEncoding = 4; lastKnownFileType = sourcecode.c.h; path = UA_Base64.h; sourceTree = "<group>"; };
		52B73E17172724F70066869C /* UA_FMDatabase.h */ = {isa = PBXFileReference; fileEncoding = 4; lastKnownFileType = sourcecode.c.h; path = UA_FMDatabase.h; sourceTree = "<group>"; };
		52B73E18172724F70066869C /* UA_FMResultSet.h */ = {isa = PBXFileReference; fileEncoding = 4; lastKnownFileType = sourcecode.c.h; path = UA_FMResultSet.h; sourceTree = "<group>"; };
		52B73E1A172724F70066869C /* UA_SBJSON.h */ = {isa = PBXFileReference; fileEncoding = 4; lastKnownFileType = sourcecode.c.h; path = UA_SBJSON.h; sourceTree = "<group>"; };
		52B73E1B172724F70066869C /* UA_SBJsonBase.h */ = {isa = PBXFileReference; fileEncoding = 4; lastKnownFileType = sourcecode.c.h; path = UA_SBJsonBase.h; sourceTree = "<group>"; };
		52B73E1C172724F70066869C /* UA_SBJsonParser.h */ = {isa = PBXFileReference; fileEncoding = 4; lastKnownFileType = sourcecode.c.h; path = UA_SBJsonParser.h; sourceTree = "<group>"; };
		52B73E1D172724F70066869C /* UA_SBJsonWriter.h */ = {isa = PBXFileReference; fileEncoding = 4; lastKnownFileType = sourcecode.c.h; path = UA_SBJsonWriter.h; sourceTree = "<group>"; };
		52B73E1E172724F70066869C /* UA_Reachability.h */ = {isa = PBXFileReference; fileEncoding = 4; lastKnownFileType = sourcecode.c.h; path = UA_Reachability.h; sourceTree = "<group>"; };
		52B73E20172724F70066869C /* UA_crypt.h */ = {isa = PBXFileReference; fileEncoding = 4; lastKnownFileType = sourcecode.c.h; path = UA_crypt.h; sourceTree = "<group>"; };
		52B73E22172724F70066869C /* UA_ioapi.h */ = {isa = PBXFileReference; fileEncoding = 4; lastKnownFileType = sourcecode.c.h; path = UA_ioapi.h; sourceTree = "<group>"; };
		52B73E23172724F70066869C /* UA_mztools.h */ = {isa = PBXFileReference; fileEncoding = 4; lastKnownFileType = sourcecode.c.h; path = UA_mztools.h; sourceTree = "<group>"; };
		52B73E24172724F70066869C /* UA_unzip.h */ = {isa = PBXFileReference; fileEncoding = 4; lastKnownFileType = sourcecode.c.h; path = UA_unzip.h; sourceTree = "<group>"; };
		52B73E25172724F70066869C /* UA_zconf.h */ = {isa = PBXFileReference; fileEncoding = 4; lastKnownFileType = sourcecode.c.h; path = UA_zconf.h; sourceTree = "<group>"; };
		52B73E26172724F70066869C /* UA_zip.h */ = {isa = PBXFileReference; fileEncoding = 4; lastKnownFileType = sourcecode.c.h; path = UA_zip.h; sourceTree = "<group>"; };
		52B73E27172724F70066869C /* UA_ZipArchive.h */ = {isa = PBXFileReference; fileEncoding = 4; lastKnownFileType = sourcecode.c.h; path = UA_ZipArchive.h; sourceTree = "<group>"; };
		52B73E2A172724F70066869C /* UAirship.h */ = {isa = PBXFileReference; fileEncoding = 4; lastKnownFileType = sourcecode.c.h; path = UAirship.h; sourceTree = "<group>"; };
		52B73E2C172724F70066869C /* UAInbox.h */ = {isa = PBXFileReference; fileEncoding = 4; lastKnownFileType = sourcecode.c.h; path = UAInbox.h; sourceTree = "<group>"; };
		52B73E2D172724F70066869C /* UAInboxDBManager.h */ = {isa = PBXFileReference; fileEncoding = 4; lastKnownFileType = sourcecode.c.h; path = UAInboxDBManager.h; sourceTree = "<group>"; };
		52B73E2E172724F70066869C /* UAInboxDefaultJSDelegate.h */ = {isa = PBXFileReference; fileEncoding = 4; lastKnownFileType = sourcecode.c.h; path = UAInboxDefaultJSDelegate.h; sourceTree = "<group>"; };
		52B73E2F172724F70066869C /* UAInboxMessage.h */ = {isa = PBXFileReference; fileEncoding = 4; lastKnownFileType = sourcecode.c.h; path = UAInboxMessage.h; sourceTree = "<group>"; };
		52B73E30172724F70066869C /* UAInboxMessageList.h */ = {isa = PBXFileReference; fileEncoding = 4; lastKnownFileType = sourcecode.c.h; path = UAInboxMessageList.h; sourceTree = "<group>"; };
		52B73E31172724F70066869C /* UAInboxMessageListObserver.h */ = {isa = PBXFileReference; fileEncoding = 4; lastKnownFileType = sourcecode.c.h; path = UAInboxMessageListObserver.h; sourceTree = "<group>"; };
		52B73E32172724F70066869C /* UAInboxPushHandler.h */ = {isa = PBXFileReference; fileEncoding = 4; lastKnownFileType = sourcecode.c.h; path = UAInboxPushHandler.h; sourceTree = "<group>"; };
		52B73E33172724F70066869C /* UAInboxURLCache.h */ = {isa = PBXFileReference; fileEncoding = 4; lastKnownFileType = sourcecode.c.h; path = UAInboxURLCache.h; sourceTree = "<group>"; };
		52B73E35172724F70066869C /* UAPush.h */ = {isa = PBXFileReference; fileEncoding = 4; lastKnownFileType = sourcecode.c.h; path = UAPush.h; sourceTree = "<group>"; };
		52B73E37172724F70066869C /* UAInventory.h */ = {isa = PBXFileReference; fileEncoding = 4; lastKnownFileType = sourcecode.c.h; path = UAInventory.h; sourceTree = "<group>"; };
		52B73E38172724F70066869C /* UAProduct.h */ = {isa = PBXFileReference; fileEncoding = 4; lastKnownFileType = sourcecode.c.h; path = UAProduct.h; sourceTree = "<group>"; };
		52B73E39172724F70066869C /* UAStoreFront.h */ = {isa = PBXFileReference; fileEncoding = 4; lastKnownFileType = sourcecode.c.h; path = UAStoreFront.h; sourceTree = "<group>"; };
		52B73E3A172724F70066869C /* UAStoreFrontAlertProtocol.h */ = {isa = PBXFileReference; fileEncoding = 4; lastKnownFileType = sourcecode.c.h; path = UAStoreFrontAlertProtocol.h; sourceTree = "<group>"; };
		52B73E3B172724F70066869C /* UAStoreFrontDelegate.h */ = {isa = PBXFileReference; fileEncoding = 4; lastKnownFileType = sourcecode.c.h; path = UAStoreFrontDelegate.h; sourceTree = "<group>"; };
		52B73E3C172724F70066869C /* UAStoreFrontDownloadManager.h */ = {isa = PBXFileReference; fileEncoding = 4; lastKnownFileType = sourcecode.c.h; path = UAStoreFrontDownloadManager.h; sourceTree = "<group>"; };
		52B73E3D172724F70066869C /* UAStoreKitObserver.h */ = {isa = PBXFileReference; fileEncoding = 4; lastKnownFileType = sourcecode.c.h; path = UAStoreKitObserver.h; sourceTree = "<group>"; };
		52B73E3F172724F70066869C /* UAContentInventory.h */ = {isa = PBXFileReference; fileEncoding = 4; lastKnownFileType = sourcecode.c.h; path = UAContentInventory.h; sourceTree = "<group>"; };
		52B73E40172724F70066869C /* UAProductInventory.h */ = {isa = PBXFileReference; fileEncoding = 4; lastKnownFileType = sourcecode.c.h; path = UAProductInventory.h; sourceTree = "<group>"; };
		52B73E41172724F70066869C /* UASubscription.h */ = {isa = PBXFileReference; fileEncoding = 4; lastKnownFileType = sourcecode.c.h; path = UASubscription.h; sourceTree = "<group>"; };
		52B73E42172724F70066869C /* UASubscriptionAlertProtocol.h */ = {isa = PBXFileReference; fileEncoding = 4; lastKnownFileType = sourcecode.c.h; path = UASubscriptionAlertProtocol.h; sourceTree = "<group>"; };
		52B73E43172724F70066869C /* UASubscriptionContent.h */ = {isa = PBXFileReference; fileEncoding = 4; lastKnownFileType = sourcecode.c.h; path = UASubscriptionContent.h; sourceTree = "<group>"; };
		52B73E44172724F70066869C /* UASubscriptionDownloadManager.h */ = {isa = PBXFileReference; fileEncoding = 4; lastKnownFileType = sourcecode.c.h; path = UASubscriptionDownloadManager.h; sourceTree = "<group>"; };
		52B73E45172724F70066869C /* UASubscriptionInventory.h */ = {isa = PBXFileReference; fileEncoding = 4; lastKnownFileType = sourcecode.c.h; path = UASubscriptionInventory.h; sourceTree = "<group>"; };
		52B73E46172724F70066869C /* UASubscriptionManager.h */ = {isa = PBXFileReference; fileEncoding = 4; lastKnownFileType = sourcecode.c.h; path = UASubscriptionManager.h; sourceTree = "<group>"; };
		52B73E47172724F70066869C /* UASubscriptionObserver.h */ = {isa = PBXFileReference; fileEncoding = 4; lastKnownFileType = sourcecode.c.h; path = UASubscriptionObserver.h; sourceTree = "<group>"; };
		52B73E48172724F70066869C /* UASubscriptionProduct.h */ = {isa = PBXFileReference; fileEncoding = 4; lastKnownFileType = sourcecode.c.h; path = UASubscriptionProduct.h; sourceTree = "<group>"; };
		52B73E49172724F70066869C /* libUAirship-1.4.0.a */ = {isa = PBXFileReference; lastKnownFileType = archive.ar; path = "libUAirship-1.4.0.a"; sourceTree = "<group>"; };
		52C40253173FAC0D00FDCE77 /* card.png */ = {isa = PBXFileReference; lastKnownFileType = image.png; path = card.png; sourceTree = "<group>"; };
		52C40255173FAC1500FDCE77 /* cardON.png */ = {isa = PBXFileReference; lastKnownFileType = image.png; path = cardON.png; sourceTree = "<group>"; };
		52C40257173FAC2800FDCE77 /* card@2x.png */ = {isa = PBXFileReference; lastKnownFileType = image.png; path = "card@2x.png"; sourceTree = "<group>"; };
		52C40258173FAC2800FDCE77 /* cardON@2x.png */ = {isa = PBXFileReference; lastKnownFileType = image.png; path = "cardON@2x.png"; sourceTree = "<group>"; };
		52C4025B173FAC9C00FDCE77 /* mappa.png */ = {isa = PBXFileReference; lastKnownFileType = image.png; path = mappa.png; sourceTree = "<group>"; };
		52C4025C173FAC9C00FDCE77 /* mappaON.png */ = {isa = PBXFileReference; lastKnownFileType = image.png; path = mappaON.png; sourceTree = "<group>"; };
		52C4025D173FAC9D00FDCE77 /* news.png */ = {isa = PBXFileReference; lastKnownFileType = image.png; path = news.png; sourceTree = "<group>"; };
		52C4025E173FAC9D00FDCE77 /* newsON.png */ = {isa = PBXFileReference; lastKnownFileType = image.png; path = newsON.png; sourceTree = "<group>"; };
		52C4025F173FAC9D00FDCE77 /* opzioni.png */ = {isa = PBXFileReference; lastKnownFileType = image.png; path = opzioni.png; sourceTree = "<group>"; };
		52C40260173FAC9D00FDCE77 /* opzioniON.png */ = {isa = PBXFileReference; lastKnownFileType = image.png; path = opzioniON.png; sourceTree = "<group>"; };
		52C40267173FACA500FDCE77 /* mappa@2x.png */ = {isa = PBXFileReference; lastKnownFileType = image.png; path = "mappa@2x.png"; sourceTree = "<group>"; };
		52C40268173FACA500FDCE77 /* mappaON@2x.png */ = {isa = PBXFileReference; lastKnownFileType = image.png; path = "mappaON@2x.png"; sourceTree = "<group>"; };
		52C40269173FACA500FDCE77 /* news@2x.png */ = {isa = PBXFileReference; lastKnownFileType = image.png; path = "news@2x.png"; sourceTree = "<group>"; };
		52C4026A173FACA500FDCE77 /* newsON@2x.png */ = {isa = PBXFileReference; lastKnownFileType = image.png; path = "newsON@2x.png"; sourceTree = "<group>"; };
		52C4026B173FACA500FDCE77 /* opzioni@2x.png */ = {isa = PBXFileReference; lastKnownFileType = image.png; path = "opzioni@2x.png"; sourceTree = "<group>"; };
		52C4026C173FACA500FDCE77 /* opzioniON@2x.png */ = {isa = PBXFileReference; lastKnownFileType = image.png; path = "opzioniON@2x.png"; sourceTree = "<group>"; };
		52C40273173FAF1A00FDCE77 /* bg-hover@2x.png */ = {isa = PBXFileReference; lastKnownFileType = image.png; path = "bg-hover@2x.png"; sourceTree = "<group>"; };
		52C40275173FAF2000FDCE77 /* bg-hover.png */ = {isa = PBXFileReference; lastKnownFileType = image.png; path = "bg-hover.png"; sourceTree = "<group>"; };
		5ACD70ED170D5C06000F12E9 /* icona.fw.png */ = {isa = PBXFileReference; lastKnownFileType = image.png; path = icona.fw.png; sourceTree = "<group>"; };
		5ACD70EF170D5C15000F12E9 /* icona.small.fw.png */ = {isa = PBXFileReference; lastKnownFileType = image.png; path = icona.small.fw.png; sourceTree = "<group>"; };
		611EE16B1739A8B000DF8BA5 /* QuartzCore.framework */ = {isa = PBXFileReference; lastKnownFileType = wrapper.framework; name = QuartzCore.framework; path = System/Library/Frameworks/QuartzCore.framework; sourceTree = SDKROOT; };
		61347B8A1704DEF40080D842 /* Accounts.framework */ = {isa = PBXFileReference; lastKnownFileType = wrapper.framework; name = Accounts.framework; path = System/Library/Frameworks/Accounts.framework; sourceTree = SDKROOT; };
		61347B8C1704DEF90080D842 /* AdSupport.framework */ = {isa = PBXFileReference; lastKnownFileType = wrapper.framework; name = AdSupport.framework; path = System/Library/Frameworks/AdSupport.framework; sourceTree = SDKROOT; };
		61347B971704DF830080D842 /* FacebookSDK.framework */ = {isa = PBXFileReference; lastKnownFileType = wrapper.framework; path = FacebookSDK.framework; sourceTree = "<group>"; };
		61347B991704DF8F0080D842 /* FacebookSDKResources.bundle */ = {isa = PBXFileReference; lastKnownFileType = "wrapper.plug-in"; name = FacebookSDKResources.bundle; path = FacebookSDK.framework/Versions/A/Resources/FacebookSDKResources.bundle; sourceTree = "<group>"; };
		614AEE681704DCD20039D0DF /* titto.app */ = {isa = PBXFileReference; explicitFileType = wrapper.application; includeInIndex = 0; path = titto.app; sourceTree = BUILT_PRODUCTS_DIR; };
		614AEE6B1704DCD20039D0DF /* UIKit.framework */ = {isa = PBXFileReference; lastKnownFileType = wrapper.framework; name = UIKit.framework; path = System/Library/Frameworks/UIKit.framework; sourceTree = SDKROOT; };
		614AEE6D1704DCD20039D0DF /* Foundation.framework */ = {isa = PBXFileReference; lastKnownFileType = wrapper.framework; name = Foundation.framework; path = System/Library/Frameworks/Foundation.framework; sourceTree = SDKROOT; };
		614AEE6F1704DCD20039D0DF /* CoreGraphics.framework */ = {isa = PBXFileReference; lastKnownFileType = wrapper.framework; name = CoreGraphics.framework; path = System/Library/Frameworks/CoreGraphics.framework; sourceTree = SDKROOT; };
		614AEE731704DCD20039D0DF /* titto-Info.plist */ = {isa = PBXFileReference; lastKnownFileType = text.plist.xml; path = "titto-Info.plist"; sourceTree = "<group>"; };
		614AEE751704DCD20039D0DF /* en */ = {isa = PBXFileReference; lastKnownFileType = text.plist.strings; name = en; path = en.lproj/InfoPlist.strings; sourceTree = "<group>"; };
		614AEE771704DCD20039D0DF /* main.m */ = {isa = PBXFileReference; lastKnownFileType = sourcecode.c.objc; path = main.m; sourceTree = "<group>"; };
		614AEE791704DCD20039D0DF /* titto-Prefix.pch */ = {isa = PBXFileReference; lastKnownFileType = sourcecode.c.h; path = "titto-Prefix.pch"; sourceTree = "<group>"; };
		614AEE7A1704DCD20039D0DF /* AppDelegate.h */ = {isa = PBXFileReference; lastKnownFileType = sourcecode.c.h; path = AppDelegate.h; sourceTree = "<group>"; };
		614AEE7B1704DCD20039D0DF /* AppDelegate.m */ = {isa = PBXFileReference; lastKnownFileType = sourcecode.c.objc; path = AppDelegate.m; sourceTree = "<group>"; };
		614AEE7D1704DCD20039D0DF /* Default.png */ = {isa = PBXFileReference; lastKnownFileType = image.png; path = Default.png; sourceTree = "<group>"; };
		614AEE7F1704DCD20039D0DF /* Default@2x.png */ = {isa = PBXFileReference; lastKnownFileType = image.png; path = "Default@2x.png"; sourceTree = "<group>"; };
		614AEE811704DCD20039D0DF /* Default-568h@2x.png */ = {isa = PBXFileReference; lastKnownFileType = image.png; path = "Default-568h@2x.png"; sourceTree = "<group>"; };
		614D527C17209F7D0062AFE1 /* login-button-small.png */ = {isa = PBXFileReference; lastKnownFileType = image.png; path = "login-button-small.png"; sourceTree = "<group>"; };
		614D527E17209F840062AFE1 /* login-button-small@2x.png */ = {isa = PBXFileReference; lastKnownFileType = image.png; path = "login-button-small@2x.png"; sourceTree = "<group>"; };
		6170D19F17273EDB00EDBEB3 /* TourTesseraViewController.h */ = {isa = PBXFileReference; fileEncoding = 4; lastKnownFileType = sourcecode.c.h; path = TourTesseraViewController.h; sourceTree = "<group>"; };
		6170D1A017273EDB00EDBEB3 /* TourTesseraViewController.m */ = {isa = PBXFileReference; fileEncoding = 4; lastKnownFileType = sourcecode.c.objc; path = TourTesseraViewController.m; sourceTree = "<group>"; };
		6170D1A117273EDB00EDBEB3 /* TourTesseraViewController.xib */ = {isa = PBXFileReference; fileEncoding = 4; lastKnownFileType = file.xib; path = TourTesseraViewController.xib; sourceTree = "<group>"; };
		61A0457F173FF0A70009A383 /* MCPagerView.h */ = {isa = PBXFileReference; fileEncoding = 4; lastKnownFileType = sourcecode.c.h; path = MCPagerView.h; sourceTree = "<group>"; };
		61A04580173FF0A70009A383 /* MCPagerView.m */ = {isa = PBXFileReference; fileEncoding = 4; lastKnownFileType = sourcecode.c.objc; path = MCPagerView.m; sourceTree = "<group>"; };
		61A859521704E281003CD439 /* TTMapViewController.h */ = {isa = PBXFileReference; fileEncoding = 4; lastKnownFileType = sourcecode.c.h; name = TTMapViewController.h; path = ../TTMapViewController.h; sourceTree = "<group>"; };
		61A859531704E281003CD439 /* TTMapViewController.m */ = {isa = PBXFileReference; fileEncoding = 4; lastKnownFileType = sourcecode.c.objc; name = TTMapViewController.m; path = ../TTMapViewController.m; sourceTree = "<group>"; };
		61A859541704E281003CD439 /* TTMapViewController.xib */ = {isa = PBXFileReference; fileEncoding = 4; lastKnownFileType = file.xib; name = TTMapViewController.xib; path = ../TTMapViewController.xib; sourceTree = "<group>"; };
		61A859571704E2EC003CD439 /* TTCardViewController.h */ = {isa = PBXFileReference; fileEncoding = 4; lastKnownFileType = sourcecode.c.h; path = TTCardViewController.h; sourceTree = "<group>"; };
		61A859581704E2EC003CD439 /* TTCardViewController.m */ = {isa = PBXFileReference; fileEncoding = 4; lastKnownFileType = sourcecode.c.objc; path = TTCardViewController.m; sourceTree = "<group>"; };
		61A859591704E2EC003CD439 /* TTCardViewController.xib */ = {isa = PBXFileReference; fileEncoding = 4; lastKnownFileType = file.xib; path = TTCardViewController.xib; sourceTree = "<group>"; };
		61A8595C1704E368003CD439 /* Social.framework */ = {isa = PBXFileReference; lastKnownFileType = wrapper.framework; name = Social.framework; path = System/Library/Frameworks/Social.framework; sourceTree = SDKROOT; };
		61A8595E1704E42B003CD439 /* TTFeedViewController.h */ = {isa = PBXFileReference; fileEncoding = 4; lastKnownFileType = sourcecode.c.h; path = TTFeedViewController.h; sourceTree = "<group>"; };
		61A8595F1704E42B003CD439 /* TTFeedViewController.m */ = {isa = PBXFileReference; fileEncoding = 4; lastKnownFileType = sourcecode.c.objc; path = TTFeedViewController.m; sourceTree = "<group>"; };
		61A859601704E42B003CD439 /* TTFeedViewController.xib */ = {isa = PBXFileReference; fileEncoding = 4; lastKnownFileType = file.xib; path = TTFeedViewController.xib; sourceTree = "<group>"; };
		61A859641704E54A003CD439 /* TTFacebookManager.h */ = {isa = PBXFileReference; fileEncoding = 4; lastKnownFileType = sourcecode.c.h; path = TTFacebookManager.h; sourceTree = "<group>"; };
		61A859651704E54A003CD439 /* TTFacebookManager.m */ = {isa = PBXFileReference; fileEncoding = 4; lastKnownFileType = sourcecode.c.objc; path = TTFacebookManager.m; sourceTree = "<group>"; };
		61A859671704F824003CD439 /* TTFacebookUser.h */ = {isa = PBXFileReference; fileEncoding = 4; lastKnownFileType = sourcecode.c.h; path = TTFacebookUser.h; sourceTree = "<group>"; };
		61A859681704F824003CD439 /* TTFacebookUser.m */ = {isa = PBXFileReference; fileEncoding = 4; lastKnownFileType = sourcecode.c.objc; path = TTFacebookUser.m; sourceTree = "<group>"; };
		61A8596A170506C3003CD439 /* MapKit.framework */ = {isa = PBXFileReference; lastKnownFileType = wrapper.framework; name = MapKit.framework; path = System/Library/Frameworks/MapKit.framework; sourceTree = SDKROOT; };
		61A8596C170506CA003CD439 /* CoreLocation.framework */ = {isa = PBXFileReference; lastKnownFileType = wrapper.framework; name = CoreLocation.framework; path = System/Library/Frameworks/CoreLocation.framework; sourceTree = SDKROOT; };
		61A8596F1705077E003CD439 /* PinAnnotation.h */ = {isa = PBXFileReference; fileEncoding = 4; lastKnownFileType = sourcecode.c.h; path = PinAnnotation.h; sourceTree = "<group>"; };
		61A859701705077E003CD439 /* PinAnnotation.m */ = {isa = PBXFileReference; fileEncoding = 4; lastKnownFileType = sourcecode.c.objc; path = PinAnnotation.m; sourceTree = "<group>"; };
		61A859711705077E003CD439 /* TTFoursquareManager.h */ = {isa = PBXFileReference; fileEncoding = 4; lastKnownFileType = sourcecode.c.h; name = TTFoursquareManager.h; path = ../Map/TTFoursquareManager.h; sourceTree = "<group>"; };
		61A859721705077E003CD439 /* TTFoursquareManager.m */ = {isa = PBXFileReference; fileEncoding = 4; lastKnownFileType = sourcecode.c.objc; name = TTFoursquareManager.m; path = ../Map/TTFoursquareManager.m; sourceTree = "<group>"; };
		61A859731705077E003CD439 /* TTMapManager.h */ = {isa = PBXFileReference; fileEncoding = 4; lastKnownFileType = sourcecode.c.h; name = TTMapManager.h; path = ../Map/TTMapManager.h; sourceTree = "<group>"; };
		61A859741705077E003CD439 /* TTMapManager.m */ = {isa = PBXFileReference; fileEncoding = 4; lastKnownFileType = sourcecode.c.objc; name = TTMapManager.m; path = ../Map/TTMapManager.m; sourceTree = "<group>"; };
		61A859751705077E003CD439 /* TTShopDetailViewController.h */ = {isa = PBXFileReference; fileEncoding = 4; lastKnownFileType = sourcecode.c.h; path = TTShopDetailViewController.h; sourceTree = "<group>"; };
		61A859761705077E003CD439 /* TTShopDetailViewController.m */ = {isa = PBXFileReference; fileEncoding = 4; lastKnownFileType = sourcecode.c.objc; path = TTShopDetailViewController.m; sourceTree = "<group>"; };
		61A859771705077E003CD439 /* TTShopDetailViewController.xib */ = {isa = PBXFileReference; fileEncoding = 4; lastKnownFileType = file.xib; path = TTShopDetailViewController.xib; sourceTree = "<group>"; };
/* End PBXFileReference section */

/* Begin PBXFrameworksBuildPhase section */
		614AEE651704DCD20039D0DF /* Frameworks */ = {
			isa = PBXFrameworksBuildPhase;
			buildActionMask = 2147483647;
			files = (
				611EE16C1739A8B000DF8BA5 /* QuartzCore.framework in Frameworks */,
				52B73DE8172724B80066869C /* libUAirship-1.4.0.a in Frameworks */,
				52B73DE0172720C90066869C /* CoreTelephony.framework in Frameworks */,
				52B73DDC1727209C0066869C /* libz.dylib in Frameworks */,
				52B73DDA1727208F0066869C /* Security.framework in Frameworks */,
				52B73DD8172720750066869C /* MobileCoreServices.framework in Frameworks */,
				52B73DD6172720620066869C /* CFNetwork.framework in Frameworks */,
				164F3027171DFD5900B7B613 /* CoreData.framework in Frameworks */,
				161A7971170E2719006DC5C5 /* MessageUI.framework in Frameworks */,
				161A796F170E1ADA006DC5C5 /* SystemConfiguration.framework in Frameworks */,
				5A1E7E2A1706005C00B7C116 /* UIKit.framework in Frameworks */,
				5A1E7E291706005400B7C116 /* Foundation.framework in Frameworks */,
				5A1E7E281706004600B7C116 /* CoreGraphics.framework in Frameworks */,
				61A8596D170506CA003CD439 /* CoreLocation.framework in Frameworks */,
				61A8596B170506C3003CD439 /* MapKit.framework in Frameworks */,
				61A8595D1704E368003CD439 /* Social.framework in Frameworks */,
				61347B8D1704DEF90080D842 /* AdSupport.framework in Frameworks */,
				61347B8B1704DEF40080D842 /* Accounts.framework in Frameworks */,
				61347B981704DF830080D842 /* FacebookSDK.framework in Frameworks */,
				164F3024171DFD0300B7B613 /* libGoogleAnalytics.a in Frameworks */,
				52B73EF2172724F70066869C /* libUAirship-1.4.0.a in Frameworks */,
			);
			runOnlyForDeploymentPostprocessing = 0;
		};
/* End PBXFrameworksBuildPhase section */

/* Begin PBXGroup section */
		161255B7170CD6BF000FE590 /* ShopDetail */ = {
			isa = PBXGroup;
			children = (
				61A859751705077E003CD439 /* TTShopDetailViewController.h */,
				61A859761705077E003CD439 /* TTShopDetailViewController.m */,
				61A859771705077E003CD439 /* TTShopDetailViewController.xib */,
				1640CC01170B719D00CC4570 /* TTHeaderImageView.h */,
				1640CC02170B719D00CC4570 /* TTHeaderImageView.m */,
			);
			name = ShopDetail;
			sourceTree = "<group>";
		};
		161255B8170CD6CF000FE590 /* Card */ = {
			isa = PBXGroup;
			children = (
				61A859571704E2EC003CD439 /* TTCardViewController.h */,
				61A859581704E2EC003CD439 /* TTCardViewController.m */,
				61A859591704E2EC003CD439 /* TTCardViewController.xib */,
				6170D19F17273EDB00EDBEB3 /* TourTesseraViewController.h */,
				6170D1A017273EDB00EDBEB3 /* TourTesseraViewController.m */,
				6170D1A117273EDB00EDBEB3 /* TourTesseraViewController.xib */,
			);
			name = Card;
			sourceTree = "<group>";
		};
		161255B9170CD6D5000FE590 /* Feed */ = {
			isa = PBXGroup;
			children = (
				61A8595E1704E42B003CD439 /* TTFeedViewController.h */,
				61A8595F1704E42B003CD439 /* TTFeedViewController.m */,
				61A859601704E42B003CD439 /* TTFeedViewController.xib */,
			);
			name = Feed;
			sourceTree = "<group>";
		};
		164F301A171DE79000B7B613 /* Settings */ = {
			isa = PBXGroup;
			children = (
				164F3015171DE75200B7B613 /* TTSettingsViewController.h */,
				164F3016171DE75200B7B613 /* TTSettingsViewController.m */,
				164F3017171DE75200B7B613 /* TTSettingsViewController.xib */,
			);
			name = Settings;
			sourceTree = "<group>";
		};
		164F301C171DFD0300B7B613 /* Anal */ = {
			isa = PBXGroup;
			children = (
				164F301D171DFD0300B7B613 /* GAI.h */,
				164F301E171DFD0300B7B613 /* GAITrackedViewController.h */,
				164F301F171DFD0300B7B613 /* GAITracker.h */,
				164F3020171DFD0300B7B613 /* GAITransaction.h */,
				164F3021171DFD0300B7B613 /* GAITransactionItem.h */,
				164F3022171DFD0300B7B613 /* libGoogleAnalytics.a */,
			);
			path = Anal;
			sourceTree = "<group>";
		};
		1672BFBF1714B77500C570AE /* Images */ = {
			isa = PBXGroup;
			children = (
				528D71021740304A00C88882 /* backBtn.png */,
				528D71031740304A00C88882 /* bottone.png */,
				528D71041740304A00C88882 /* dot-not@2x.png */,
				528D71051740304A00C88882 /* dot-sel@2x.png */,
				528D71061740304A00C88882 /* fondo-tour@2x.png */,
				528D71071740304A00C88882 /* logot.png */,
				528D71081740304A00C88882 /* ribbon.aperto.png */,
				528D71091740304A00C88882 /* testo1@2x.png */,
				528D710A1740304A00C88882 /* testo2@2x.png */,
				528D710B1740304A00C88882 /* testo3@2x.png */,
				1672BFCA1714B99900C570AE /* @1x */,
				1672BFCC1714B99900C570AE /* @2x */,
				1672BFC81714B7EF00C570AE /* texture.png */,
				1672BFC41714B77500C570AE /* barbg.png */,
			);
			path = Images;
			sourceTree = "<group>";
		};
		1672BFCA1714B99900C570AE /* @1x */ = {
			isa = PBXGroup;
			children = (
				528D70E21740303700C88882 /* bg.png */,
				528D70E31740303700C88882 /* first.png */,
				528D70E41740303700C88882 /* frecciaemondo.png */,
				528D70E51740303700C88882 /* header.sopra.png */,
				528D70E61740303700C88882 /* header.sotto.png */,
				528D70E71740303700C88882 /* nuvole.png */,
				528D70E81740303700C88882 /* pin.png */,
				528D70E91740303700C88882 /* second.png */,
				52C40275173FAF2000FDCE77 /* bg-hover.png */,
				52C4025B173FAC9C00FDCE77 /* mappa.png */,
				52C4025C173FAC9C00FDCE77 /* mappaON.png */,
				52C4025D173FAC9D00FDCE77 /* news.png */,
				52C4025E173FAC9D00FDCE77 /* newsON.png */,
				52C4025F173FAC9D00FDCE77 /* opzioni.png */,
				52C40260173FAC9D00FDCE77 /* opzioniON.png */,
				52C40255173FAC1500FDCE77 /* cardON.png */,
				52C40253173FAC0D00FDCE77 /* card.png */,
				614D527C17209F7D0062AFE1 /* login-button-small.png */,
				1672BFD01714BB1A00C570AE /* star-vuota.png */,
				1672BFD11714BB1A00C570AE /* star.png */,
				1672BFCB1714B99900C570AE /* header.png */,
			);
			path = "@1x";
			sourceTree = "<group>";
		};
		1672BFCC1714B99900C570AE /* @2x */ = {
			isa = PBXGroup;
			children = (
				5258C2D717404EAF0037F807 /* pin@2x.png */,
				528D70F21740304000C88882 /* bg@2x.png */,
				528D70F31740304000C88882 /* first@2x.png */,
				528D70F41740304000C88882 /* frecciaemondo@2x.png */,
				528D70F51740304000C88882 /* header.sopra@2x.png */,
				528D70F61740304000C88882 /* header.sotto@2x.png */,
				528D70F71740304000C88882 /* nuvole@2x.png */,
				528D70F91740304000C88882 /* second@2x.png */,
				52C40273173FAF1A00FDCE77 /* bg-hover@2x.png */,
				52C40267173FACA500FDCE77 /* mappa@2x.png */,
				52C40268173FACA500FDCE77 /* mappaON@2x.png */,
				52C40269173FACA500FDCE77 /* news@2x.png */,
				52C4026A173FACA500FDCE77 /* newsON@2x.png */,
				52C4026B173FACA500FDCE77 /* opzioni@2x.png */,
				52C4026C173FACA500FDCE77 /* opzioniON@2x.png */,
				52C40257173FAC2800FDCE77 /* card@2x.png */,
				52C40258173FAC2800FDCE77 /* cardON@2x.png */,
				614D527E17209F840062AFE1 /* login-button-small@2x.png */,
				1672BFD41714BB1F00C570AE /* star-vuota@2x.png */,
				1672BFD51714BB1F00C570AE /* star@2x.png */,
				1672BFCD1714B99900C570AE /* header@2x.png */,
			);
			path = "@2x";
			sourceTree = "<group>";
		};
		52B73DEA172724F70066869C /* Airship */ = {
			isa = PBXGroup;
			children = (
				52B73DE1172720FF0066869C /* AirshipConfig.plist */,
				52B73DEB172724F70066869C /* Common */,
				52B73E07172724F70066869C /* External */,
				52B73E28172724F70066869C /* Library */,
				52B73E49172724F70066869C /* libUAirship-1.4.0.a */,
			);
			path = Airship;
			sourceTree = "<group>";
		};
		52B73DEB172724F70066869C /* Common */ = {
			isa = PBXGroup;
			children = (
				52B73DEC172724F70066869C /* UAAnalytics.h */,
				52B73DED172724F70066869C /* UAAnalyticsDBManager.h */,
				52B73DEE172724F70066869C /* UAAsycImageView.h */,
				52B73DEF172724F70066869C /* UABarButtonSegmentedControl.h */,
				52B73DF0172724F70066869C /* UABaseLocationProvider.h */,
				52B73DF1172724F70066869C /* UAContentURLCache.h */,
				52B73DF2172724F70066869C /* UADateUtils.h */,
				52B73DF3172724F70066869C /* UADownloadContent.h */,
				52B73DF4172724F70066869C /* UADownloadManager.h */,
				52B73DF5172724F70066869C /* UAEvent.h */,
				52B73DF6172724F70066869C /* UAGlobal.h */,
				52B73DF7172724F70066869C /* UAHTTPConnection.h */,
				52B73DF8172724F70066869C /* UAKeychainUtils.h */,
				52B73DF9172724F70066869C /* UALocalStorageDirectory.h */,
				52B73DFA172724F70066869C /* UALocationCommonValues.h */,
				52B73DFB172724F70066869C /* UALocationEvent.h */,
				52B73DFC172724F70066869C /* UALocationProviderDelegate.h */,
				52B73DFD172724F70066869C /* UALocationProviderProtocol.h */,
				52B73DFE172724F70066869C /* UALocationService.h */,
				52B73DFF172724F70066869C /* UAObservable.h */,
				52B73E00172724F70066869C /* UASignificantChangeProvider.h */,
				52B73E01172724F70066869C /* UASQLite.h */,
				52B73E02172724F70066869C /* UAStandardLocationProvider.h */,
				52B73E03172724F70066869C /* UATagUtils.h */,
				52B73E04172724F70066869C /* UAUser.h */,
				52B73E05172724F70066869C /* UAUtils.h */,
				52B73E06172724F70066869C /* UAViewUtils.h */,
			);
			path = Common;
			sourceTree = "<group>";
		};
		52B73E07172724F70066869C /* External */ = {
			isa = PBXGroup;
			children = (
				52B73E08172724F70066869C /* UA_asi-http-request */,
				52B73E15172724F70066869C /* UA_Base64.h */,
				52B73E16172724F70066869C /* UA_fmdb */,
				52B73E19172724F70066869C /* UA_json-framework */,
				52B73E1E172724F70066869C /* UA_Reachability.h */,
				52B73E1F172724F70066869C /* UA_ZipFile-OC */,
			);
			path = External;
			sourceTree = "<group>";
		};
		52B73E08172724F70066869C /* UA_asi-http-request */ = {
			isa = PBXGroup;
			children = (
				52B73E09172724F70066869C /* UA_ASIAuthenticationDialog.h */,
				52B73E0A172724F70066869C /* UA_ASICacheDelegate.h */,
				52B73E0B172724F70066869C /* UA_ASIDataCompressor.h */,
				52B73E0C172724F70066869C /* UA_ASIDataDecompressor.h */,
				52B73E0D172724F70066869C /* UA_ASIDownloadCache.h */,
				52B73E0E172724F70066869C /* UA_ASIFormDataRequest.h */,
				52B73E0F172724F70066869C /* UA_ASIHTTPRequest.h */,
				52B73E10172724F70066869C /* UA_ASIHTTPRequestConfig.h */,
				52B73E11172724F70066869C /* UA_ASIHTTPRequestDelegate.h */,
				52B73E12172724F70066869C /* UA_ASIInputStream.h */,
				52B73E13172724F70066869C /* UA_ASINetworkQueue.h */,
				52B73E14172724F70066869C /* UA_ASIProgressDelegate.h */,
			);
			path = "UA_asi-http-request";
			sourceTree = "<group>";
		};
		52B73E16172724F70066869C /* UA_fmdb */ = {
			isa = PBXGroup;
			children = (
				52B73E17172724F70066869C /* UA_FMDatabase.h */,
				52B73E18172724F70066869C /* UA_FMResultSet.h */,
			);
			path = UA_fmdb;
			sourceTree = "<group>";
		};
		52B73E19172724F70066869C /* UA_json-framework */ = {
			isa = PBXGroup;
			children = (
				52B73E1A172724F70066869C /* UA_SBJSON.h */,
				52B73E1B172724F70066869C /* UA_SBJsonBase.h */,
				52B73E1C172724F70066869C /* UA_SBJsonParser.h */,
				52B73E1D172724F70066869C /* UA_SBJsonWriter.h */,
			);
			path = "UA_json-framework";
			sourceTree = "<group>";
		};
		52B73E1F172724F70066869C /* UA_ZipFile-OC */ = {
			isa = PBXGroup;
			children = (
				52B73E20172724F70066869C /* UA_crypt.h */,
				52B73E21172724F70066869C /* UA_minizip */,
				52B73E27172724F70066869C /* UA_ZipArchive.h */,
			);
			path = "UA_ZipFile-OC";
			sourceTree = "<group>";
		};
		52B73E21172724F70066869C /* UA_minizip */ = {
			isa = PBXGroup;
			children = (
				52B73E22172724F70066869C /* UA_ioapi.h */,
				52B73E23172724F70066869C /* UA_mztools.h */,
				52B73E24172724F70066869C /* UA_unzip.h */,
				52B73E25172724F70066869C /* UA_zconf.h */,
				52B73E26172724F70066869C /* UA_zip.h */,
			);
			path = UA_minizip;
			sourceTree = "<group>";
		};
		52B73E28172724F70066869C /* Library */ = {
			isa = PBXGroup;
			children = (
				52B73E29172724F70066869C /* AirshipLib */,
				52B73E2B172724F70066869C /* InboxLib */,
				52B73E34172724F70066869C /* PushLib */,
				52B73E36172724F70066869C /* StoreFrontLib */,
				52B73E3E172724F70066869C /* SubscriptionLib */,
			);
			path = Library;
			sourceTree = "<group>";
		};
		52B73E29172724F70066869C /* AirshipLib */ = {
			isa = PBXGroup;
			children = (
				52B73E2A172724F70066869C /* UAirship.h */,
			);
			path = AirshipLib;
			sourceTree = "<group>";
		};
		52B73E2B172724F70066869C /* InboxLib */ = {
			isa = PBXGroup;
			children = (
				52B73E2C172724F70066869C /* UAInbox.h */,
				52B73E2D172724F70066869C /* UAInboxDBManager.h */,
				52B73E2E172724F70066869C /* UAInboxDefaultJSDelegate.h */,
				52B73E2F172724F70066869C /* UAInboxMessage.h */,
				52B73E30172724F70066869C /* UAInboxMessageList.h */,
				52B73E31172724F70066869C /* UAInboxMessageListObserver.h */,
				52B73E32172724F70066869C /* UAInboxPushHandler.h */,
				52B73E33172724F70066869C /* UAInboxURLCache.h */,
			);
			path = InboxLib;
			sourceTree = "<group>";
		};
		52B73E34172724F70066869C /* PushLib */ = {
			isa = PBXGroup;
			children = (
				52B73E35172724F70066869C /* UAPush.h */,
			);
			path = PushLib;
			sourceTree = "<group>";
		};
		52B73E36172724F70066869C /* StoreFrontLib */ = {
			isa = PBXGroup;
			children = (
				52B73E37172724F70066869C /* UAInventory.h */,
				52B73E38172724F70066869C /* UAProduct.h */,
				52B73E39172724F70066869C /* UAStoreFront.h */,
				52B73E3A172724F70066869C /* UAStoreFrontAlertProtocol.h */,
				52B73E3B172724F70066869C /* UAStoreFrontDelegate.h */,
				52B73E3C172724F70066869C /* UAStoreFrontDownloadManager.h */,
				52B73E3D172724F70066869C /* UAStoreKitObserver.h */,
			);
			path = StoreFrontLib;
			sourceTree = "<group>";
		};
		52B73E3E172724F70066869C /* SubscriptionLib */ = {
			isa = PBXGroup;
			children = (
				52B73E3F172724F70066869C /* UAContentInventory.h */,
				52B73E40172724F70066869C /* UAProductInventory.h */,
				52B73E41172724F70066869C /* UASubscription.h */,
				52B73E42172724F70066869C /* UASubscriptionAlertProtocol.h */,
				52B73E43172724F70066869C /* UASubscriptionContent.h */,
				52B73E44172724F70066869C /* UASubscriptionDownloadManager.h */,
				52B73E45172724F70066869C /* UASubscriptionInventory.h */,
				52B73E46172724F70066869C /* UASubscriptionManager.h */,
				52B73E47172724F70066869C /* UASubscriptionObserver.h */,
				52B73E48172724F70066869C /* UASubscriptionProduct.h */,
			);
			path = SubscriptionLib;
			sourceTree = "<group>";
		};
		614AEE5F1704DCD20039D0DF = {
			isa = PBXGroup;
			children = (
				52B73DEA172724F70066869C /* Airship */,
				5ACD70EF170D5C15000F12E9 /* icona.small.fw.png */,
				5ACD70ED170D5C06000F12E9 /* icona.fw.png */,
				614AEE711704DCD20039D0DF /* titto */,
				614AEE6A1704DCD20039D0DF /* Frameworks */,
				614AEE691704DCD20039D0DF /* Products */,
			);
			sourceTree = "<group>";
		};
		614AEE691704DCD20039D0DF /* Products */ = {
			isa = PBXGroup;
			children = (
				614AEE681704DCD20039D0DF /* titto.app */,
			);
			name = Products;
			sourceTree = "<group>";
		};
		614AEE6A1704DCD20039D0DF /* Frameworks */ = {
			isa = PBXGroup;
			children = (
				611EE16B1739A8B000DF8BA5 /* QuartzCore.framework */,
				52B73DE6172724AA0066869C /* libUAirship-1.4.0.a */,
				52B73DDF172720C90066869C /* CoreTelephony.framework */,
				52B73DDD172720AB0066869C /* libsqlite3.dylib */,
				52B73DDB1727209C0066869C /* libz.dylib */,
				52B73DD91727208F0066869C /* Security.framework */,
				52B73DD7172720750066869C /* MobileCoreServices.framework */,
				52B73DD5172720620066869C /* CFNetwork.framework */,
				164F3026171DFD5900B7B613 /* CoreData.framework */,
				161A7970170E2719006DC5C5 /* MessageUI.framework */,
				161A796E170E1ADA006DC5C5 /* SystemConfiguration.framework */,
				61347B8A1704DEF40080D842 /* Accounts.framework */,
				61347B8C1704DEF90080D842 /* AdSupport.framework */,
				614AEE6F1704DCD20039D0DF /* CoreGraphics.framework */,
				61A8596C170506CA003CD439 /* CoreLocation.framework */,
				61347B971704DF830080D842 /* FacebookSDK.framework */,
				61347B991704DF8F0080D842 /* FacebookSDKResources.bundle */,
				614AEE6D1704DCD20039D0DF /* Foundation.framework */,
				61A8596A170506C3003CD439 /* MapKit.framework */,
				61A8595C1704E368003CD439 /* Social.framework */,
				614AEE6B1704DCD20039D0DF /* UIKit.framework */,
			);
			name = Frameworks;
			sourceTree = "<group>";
		};
		614AEE711704DCD20039D0DF /* titto */ = {
			isa = PBXGroup;
			children = (
				61A0457E173FF0A70009A383 /* MCPagerView */,
				52B73DD017271F0E0066869C /* titto.entitlements */,
				164F301C171DFD0300B7B613 /* Anal */,
				164F301A171DE79000B7B613 /* Settings */,
				161A796B170E1704006DC5C5 /* Reachability.h */,
				161A796C170E1704006DC5C5 /* Reachability.m */,
				614AEE7A1704DCD20039D0DF /* AppDelegate.h */,
				614AEE7B1704DCD20039D0DF /* AppDelegate.m */,
				61A8596E1705077D003CD439 /* Map */,
				61A859631704E528003CD439 /* Services */,
				161255B8170CD6CF000FE590 /* Card */,
				161255B9170CD6D5000FE590 /* Feed */,
				614AEE721704DCD20039D0DF /* Supporting Files */,
			);
			path = titto;
			sourceTree = "<group>";
		};
		614AEE721704DCD20039D0DF /* Supporting Files */ = {
			isa = PBXGroup;
			children = (
				1672BFBF1714B77500C570AE /* Images */,
				165CBF7F170CC56C003B25AC /* TTConfigDefines.h */,
				1640CC04170B754500CC4570 /* Archer-Semibold.otf */,
				614AEE731704DCD20039D0DF /* titto-Info.plist */,
				614AEE741704DCD20039D0DF /* InfoPlist.strings */,
				614AEE771704DCD20039D0DF /* main.m */,
				614AEE791704DCD20039D0DF /* titto-Prefix.pch */,
				614AEE7D1704DCD20039D0DF /* Default.png */,
				614AEE7F1704DCD20039D0DF /* Default@2x.png */,
				614AEE811704DCD20039D0DF /* Default-568h@2x.png */,
			);
			name = "Supporting Files";
			sourceTree = "<group>";
		};
		61A0457E173FF0A70009A383 /* MCPagerView */ = {
			isa = PBXGroup;
			children = (
				61A0457F173FF0A70009A383 /* MCPagerView.h */,
				61A04580173FF0A70009A383 /* MCPagerView.m */,
			);
			path = MCPagerView;
			sourceTree = "<group>";
		};
		61A859631704E528003CD439 /* Services */ = {
			isa = PBXGroup;
			children = (
				61A859731705077E003CD439 /* TTMapManager.h */,
				61A859741705077E003CD439 /* TTMapManager.m */,
				61A859711705077E003CD439 /* TTFoursquareManager.h */,
				61A859721705077E003CD439 /* TTFoursquareManager.m */,
				61A859641704E54A003CD439 /* TTFacebookManager.h */,
				61A859651704E54A003CD439 /* TTFacebookManager.m */,
				61A859671704F824003CD439 /* TTFacebookUser.h */,
				61A859681704F824003CD439 /* TTFacebookUser.m */,
			);
			path = Services;
			sourceTree = "<group>";
		};
		61A8596E1705077D003CD439 /* Map */ = {
			isa = PBXGroup;
			children = (
				61A859521704E281003CD439 /* TTMapViewController.h */,
				61A859531704E281003CD439 /* TTMapViewController.m */,
				61A859541704E281003CD439 /* TTMapViewController.xib */,
				61A8596F1705077E003CD439 /* PinAnnotation.h */,
				61A859701705077E003CD439 /* PinAnnotation.m */,
				161255B7170CD6BF000FE590 /* ShopDetail */,
			);
			path = Map;
			sourceTree = "<group>";
		};
/* End PBXGroup section */

/* Begin PBXNativeTarget section */
		614AEE671704DCD20039D0DF /* titto */ = {
			isa = PBXNativeTarget;
			buildConfigurationList = 614AEE991704DCD20039D0DF /* Build configuration list for PBXNativeTarget "titto" */;
			buildPhases = (
				614AEE641704DCD20039D0DF /* Sources */,
				614AEE651704DCD20039D0DF /* Frameworks */,
				614AEE661704DCD20039D0DF /* Resources */,
				52B73DD1172720330066869C /* CopyFiles */,
			);
			buildRules = (
			);
			dependencies = (
			);
			name = titto;
			productName = titto;
			productReference = 614AEE681704DCD20039D0DF /* titto.app */;
			productType = "com.apple.product-type.application";
		};
/* End PBXNativeTarget section */

/* Begin PBXProject section */
		614AEE601704DCD20039D0DF /* Project object */ = {
			isa = PBXProject;
			attributes = {
				LastUpgradeCheck = 0460;
				ORGANIZATIONNAME = titto;
			};
			buildConfigurationList = 614AEE631704DCD20039D0DF /* Build configuration list for PBXProject "titto" */;
			compatibilityVersion = "Xcode 3.2";
			developmentRegion = English;
			hasScannedForEncodings = 0;
			knownRegions = (
				en,
			);
			mainGroup = 614AEE5F1704DCD20039D0DF;
			productRefGroup = 614AEE691704DCD20039D0DF /* Products */;
			projectDirPath = "";
			projectRoot = "";
			targets = (
				614AEE671704DCD20039D0DF /* titto */,
			);
		};
/* End PBXProject section */

/* Begin PBXResourcesBuildPhase section */
		614AEE661704DCD20039D0DF /* Resources */ = {
			isa = PBXResourcesBuildPhase;
			buildActionMask = 2147483647;
			files = (
				614AEE761704DCD20039D0DF /* InfoPlist.strings in Resources */,
				614AEE7E1704DCD20039D0DF /* Default.png in Resources */,
				614AEE801704DCD20039D0DF /* Default@2x.png in Resources */,
				614AEE821704DCD20039D0DF /* Default-568h@2x.png in Resources */,
				61347B9A1704DF8F0080D842 /* FacebookSDKResources.bundle in Resources */,
				61A859561704E281003CD439 /* TTMapViewController.xib in Resources */,
				61A8595B1704E2EC003CD439 /* TTCardViewController.xib in Resources */,
				61A859621704E42B003CD439 /* TTFeedViewController.xib in Resources */,
				61A8597C1705077E003CD439 /* TTShopDetailViewController.xib in Resources */,
				1640CC05170B754500CC4570 /* Archer-Semibold.otf in Resources */,
				5ACD70EE170D5C06000F12E9 /* icona.fw.png in Resources */,
				5ACD70F0170D5C15000F12E9 /* icona.small.fw.png in Resources */,
				1672BFC71714B77500C570AE /* barbg.png in Resources */,
				1672BFC91714B7EF00C570AE /* texture.png in Resources */,
				1672BFCE1714B99900C570AE /* header.png in Resources */,
				1672BFCF1714B99900C570AE /* header@2x.png in Resources */,
				1672BFD21714BB1A00C570AE /* star-vuota.png in Resources */,
				1672BFD31714BB1A00C570AE /* star.png in Resources */,
				1672BFD61714BB1F00C570AE /* star-vuota@2x.png in Resources */,
				1672BFD71714BB1F00C570AE /* star@2x.png in Resources */,
				164F3019171DE75200B7B613 /* TTSettingsViewController.xib in Resources */,
				614D527D17209F7D0062AFE1 /* login-button-small.png in Resources */,
				614D527F17209F840062AFE1 /* login-button-small@2x.png in Resources */,
				52B73DE2172720FF0066869C /* AirshipConfig.plist in Resources */,
				6170D1A317273EDB00EDBEB3 /* TourTesseraViewController.xib in Resources */,
				52C40254173FAC0D00FDCE77 /* card.png in Resources */,
				52C40256173FAC1500FDCE77 /* cardON.png in Resources */,
				52C40259173FAC2800FDCE77 /* card@2x.png in Resources */,
				52C4025A173FAC2800FDCE77 /* cardON@2x.png in Resources */,
				52C40261173FAC9D00FDCE77 /* mappa.png in Resources */,
				52C40262173FAC9D00FDCE77 /* mappaON.png in Resources */,
				52C40263173FAC9D00FDCE77 /* news.png in Resources */,
				52C40264173FAC9D00FDCE77 /* newsON.png in Resources */,
				52C40265173FAC9D00FDCE77 /* opzioni.png in Resources */,
				52C40266173FAC9D00FDCE77 /* opzioniON.png in Resources */,
				52C4026D173FACA500FDCE77 /* mappa@2x.png in Resources */,
				52C4026E173FACA500FDCE77 /* mappaON@2x.png in Resources */,
				52C4026F173FACA500FDCE77 /* news@2x.png in Resources */,
				52C40270173FACA500FDCE77 /* newsON@2x.png in Resources */,
				52C40271173FACA500FDCE77 /* opzioni@2x.png in Resources */,
				52C40272173FACA500FDCE77 /* opzioniON@2x.png in Resources */,
				52C40274173FAF1A00FDCE77 /* bg-hover@2x.png in Resources */,
				52C40276173FAF2000FDCE77 /* bg-hover.png in Resources */,
				528D70EA1740303700C88882 /* bg.png in Resources */,
				528D70EB1740303700C88882 /* first.png in Resources */,
				528D70EC1740303700C88882 /* frecciaemondo.png in Resources */,
				528D70ED1740303700C88882 /* header.sopra.png in Resources */,
				528D70EE1740303700C88882 /* header.sotto.png in Resources */,
				528D70EF1740303700C88882 /* nuvole.png in Resources */,
				528D70F01740303700C88882 /* pin.png in Resources */,
				528D70F11740303700C88882 /* second.png in Resources */,
				528D70FA1740304000C88882 /* bg@2x.png in Resources */,
				528D70FB1740304000C88882 /* first@2x.png in Resources */,
				528D70FC1740304000C88882 /* frecciaemondo@2x.png in Resources */,
				528D70FD1740304000C88882 /* header.sopra@2x.png in Resources */,
				528D70FE1740304000C88882 /* header.sotto@2x.png in Resources */,
				528D70FF1740304000C88882 /* nuvole@2x.png in Resources */,
				528D71011740304000C88882 /* second@2x.png in Resources */,
				528D710C1740304A00C88882 /* backBtn.png in Resources */,
				528D710D1740304A00C88882 /* bottone.png in Resources */,
				528D710E1740304A00C88882 /* dot-not@2x.png in Resources */,
				528D710F1740304A00C88882 /* dot-sel@2x.png in Resources */,
				528D71101740304A00C88882 /* fondo-tour@2x.png in Resources */,
				528D71111740304A00C88882 /* logot.png in Resources */,
				528D71121740304A00C88882 /* ribbon.aperto.png in Resources */,
				528D71131740304A00C88882 /* testo1@2x.png in Resources */,
				528D71141740304A00C88882 /* testo2@2x.png in Resources */,
				528D71151740304A00C88882 /* testo3@2x.png in Resources */,
				5258C2D817404EAF0037F807 /* pin@2x.png in Resources */,
			);
			runOnlyForDeploymentPostprocessing = 0;
		};
/* End PBXResourcesBuildPhase section */

/* Begin PBXSourcesBuildPhase section */
		614AEE641704DCD20039D0DF /* Sources */ = {
			isa = PBXSourcesBuildPhase;
			buildActionMask = 2147483647;
			files = (
				614AEE781704DCD20039D0DF /* main.m in Sources */,
				614AEE7C1704DCD20039D0DF /* AppDelegate.m in Sources */,
				61A859551704E281003CD439 /* TTMapViewController.m in Sources */,
				61A8595A1704E2EC003CD439 /* TTCardViewController.m in Sources */,
				61A859611704E42B003CD439 /* TTFeedViewController.m in Sources */,
				61A859661704E54A003CD439 /* TTFacebookManager.m in Sources */,
				61A859691704F824003CD439 /* TTFacebookUser.m in Sources */,
				61A859781705077E003CD439 /* PinAnnotation.m in Sources */,
				61A859791705077E003CD439 /* TTFoursquareManager.m in Sources */,
				61A8597A1705077E003CD439 /* TTMapManager.m in Sources */,
				61A8597B1705077E003CD439 /* TTShopDetailViewController.m in Sources */,
				1640CC03170B719D00CC4570 /* TTHeaderImageView.m in Sources */,
				161A796D170E1704006DC5C5 /* Reachability.m in Sources */,
				164F3018171DE75200B7B613 /* TTSettingsViewController.m in Sources */,
				6170D1A217273EDB00EDBEB3 /* TourTesseraViewController.m in Sources */,
				61A04581173FF0A70009A383 /* MCPagerView.m in Sources */,
			);
			runOnlyForDeploymentPostprocessing = 0;
		};
/* End PBXSourcesBuildPhase section */

/* Begin PBXVariantGroup section */
		614AEE741704DCD20039D0DF /* InfoPlist.strings */ = {
			isa = PBXVariantGroup;
			children = (
				614AEE751704DCD20039D0DF /* en */,
			);
			name = InfoPlist.strings;
			sourceTree = "<group>";
		};
/* End PBXVariantGroup section */

/* Begin XCBuildConfiguration section */
		614AEE971704DCD20039D0DF /* Debug */ = {
			isa = XCBuildConfiguration;
			buildSettings = {
				ALWAYS_SEARCH_USER_PATHS = NO;
				CLANG_CXX_LANGUAGE_STANDARD = "gnu++0x";
				CLANG_CXX_LIBRARY = "libc++";
				CLANG_ENABLE_OBJC_ARC = YES;
				CLANG_WARN_CONSTANT_CONVERSION = YES;
				CLANG_WARN_EMPTY_BODY = YES;
				CLANG_WARN_ENUM_CONVERSION = YES;
				CLANG_WARN_INT_CONVERSION = YES;
				CLANG_WARN__DUPLICATE_METHOD_MATCH = YES;
				CODE_SIGN_IDENTITY = "iPhone Developer";
				"CODE_SIGN_IDENTITY[sdk=iphoneos*]" = "iPhone Developer";
				COPY_PHASE_STRIP = NO;
				GCC_C_LANGUAGE_STANDARD = gnu99;
				GCC_DYNAMIC_NO_PIC = NO;
				GCC_OPTIMIZATION_LEVEL = 0;
				GCC_PREPROCESSOR_DEFINITIONS = (
					"DEBUG=1",
					"$(inherited)",
				);
				GCC_SYMBOLS_PRIVATE_EXTERN = NO;
				GCC_WARN_ABOUT_RETURN_TYPE = YES;
				GCC_WARN_UNINITIALIZED_AUTOS = YES;
				GCC_WARN_UNUSED_VARIABLE = YES;
				IPHONEOS_DEPLOYMENT_TARGET = 6.1;
				ONLY_ACTIVE_ARCH = YES;
				PROVISIONING_PROFILE = "";
				"PROVISIONING_PROFILE[sdk=iphoneos*]" = "";
				SDKROOT = iphoneos;
			};
			name = Debug;
		};
		614AEE981704DCD20039D0DF /* Release */ = {
			isa = XCBuildConfiguration;
			buildSettings = {
				ALWAYS_SEARCH_USER_PATHS = NO;
				CLANG_CXX_LANGUAGE_STANDARD = "gnu++0x";
				CLANG_CXX_LIBRARY = "libc++";
				CLANG_ENABLE_OBJC_ARC = YES;
				CLANG_WARN_CONSTANT_CONVERSION = YES;
				CLANG_WARN_EMPTY_BODY = YES;
				CLANG_WARN_ENUM_CONVERSION = YES;
				CLANG_WARN_INT_CONVERSION = YES;
				CLANG_WARN__DUPLICATE_METHOD_MATCH = YES;
				CODE_SIGN_IDENTITY = "iPhone Developer";
				"CODE_SIGN_IDENTITY[sdk=iphoneos*]" = "iPhone Developer";
				COPY_PHASE_STRIP = YES;
				GCC_C_LANGUAGE_STANDARD = gnu99;
				GCC_WARN_ABOUT_RETURN_TYPE = YES;
				GCC_WARN_UNINITIALIZED_AUTOS = YES;
				GCC_WARN_UNUSED_VARIABLE = YES;
				IPHONEOS_DEPLOYMENT_TARGET = 6.1;
				OTHER_CFLAGS = "-DNS_BLOCK_ASSERTIONS=1";
				PROVISIONING_PROFILE = "";
				SDKROOT = iphoneos;
				VALIDATE_PRODUCT = YES;
			};
			name = Release;
		};
		614AEE9A1704DCD20039D0DF /* Debug */ = {
			isa = XCBuildConfiguration;
			buildSettings = {
				CODE_SIGN_ENTITLEMENTS = titto/titto.entitlements;
				CODE_SIGN_IDENTITY = "iPhone Developer";
				"CODE_SIGN_IDENTITY[sdk=iphoneos*]" = "iPhone Developer";
				FRAMEWORK_SEARCH_PATHS = (
					"$(inherited)",
					"\"$(SRCROOT)/../FacebookSDK\"",
					"\"$(SRCROOT)\"",
				);
				GCC_PRECOMPILE_PREFIX_HEADER = YES;
				GCC_PREFIX_HEADER = "titto/titto-Prefix.pch";
				HEADER_SEARCH_PATHS = "../Airship/**";
				INFOPLIST_FILE = "titto/titto-Info.plist";
				LIBRARY_SEARCH_PATHS = (
					"$(inherited)",
					"\"$(SRCROOT)/titto/Anal\"",
					"\"$(SRCROOT)\"",
					"\"$(SRCROOT)/Airship\"",
				);
				OTHER_LDFLAGS = (
					"-ObjC",
					"-lsqlite3.0",
				);
				PRODUCT_NAME = "$(TARGET_NAME)";
				PROVISIONING_PROFILE = "";
				"PROVISIONING_PROFILE[sdk=iphoneos*]" = "";
				WRAPPER_EXTENSION = app;
			};
			name = Debug;
		};
		614AEE9B1704DCD20039D0DF /* Release */ = {
			isa = XCBuildConfiguration;
			buildSettings = {
				CODE_SIGN_ENTITLEMENTS = titto/titto.entitlements;
				CODE_SIGN_IDENTITY = "iPhone Developer";
				"CODE_SIGN_IDENTITY[sdk=iphoneos*]" = "iPhone Developer";
				FRAMEWORK_SEARCH_PATHS = (
					"$(inherited)",
					"\"$(SRCROOT)/../FacebookSDK\"",
					"\"$(SRCROOT)\"",
				);
				GCC_PRECOMPILE_PREFIX_HEADER = YES;
				GCC_PREFIX_HEADER = "titto/titto-Prefix.pch";
				HEADER_SEARCH_PATHS = "../Airship/**";
				INFOPLIST_FILE = "titto/titto-Info.plist";
				LIBRARY_SEARCH_PATHS = (
					"$(inherited)",
					"\"$(SRCROOT)/titto/Anal\"",
					"\"$(SRCROOT)\"",
					"\"$(SRCROOT)/Airship\"",
				);
				OTHER_LDFLAGS = (
					"-ObjC",
					"-lsqlite3.0",
				);
				PRODUCT_NAME = "$(TARGET_NAME)";
				PROVISIONING_PROFILE = "";
				"PROVISIONING_PROFILE[sdk=iphoneos*]" = "";
				WRAPPER_EXTENSION = app;
			};
			name = Release;
		};
/* End XCBuildConfiguration section */

/* Begin XCConfigurationList section */
		614AEE631704DCD20039D0DF /* Build configuration list for PBXProject "titto" */ = {
			isa = XCConfigurationList;
			buildConfigurations = (
				614AEE971704DCD20039D0DF /* Debug */,
				614AEE981704DCD20039D0DF /* Release */,
			);
			defaultConfigurationIsVisible = 0;
			defaultConfigurationName = Release;
		};
		614AEE991704DCD20039D0DF /* Build configuration list for PBXNativeTarget "titto" */ = {
			isa = XCConfigurationList;
			buildConfigurations = (
				614AEE9A1704DCD20039D0DF /* Debug */,
				614AEE9B1704DCD20039D0DF /* Release */,
			);
			defaultConfigurationIsVisible = 0;
			defaultConfigurationName = Release;
		};
/* End XCConfigurationList section */
	};
	rootObject = 614AEE601704DCD20039D0DF /* Project object */;
}
